// !$*UTF8*$!
{
	archiveVersion = 1;
	classes = {
	};
	objectVersion = 52;
	objects = {

/* Begin PBXBuildFile section */
		00BC11CADA087F1A1A5A2CA9 /* QuizTodayExtension.appex in Embed App Extensions */ = {isa = PBXBuildFile; fileRef = 31B5EEC40BE8B9151E4ABFA1 /* QuizTodayExtension.appex */; settings = {ATTRIBUTES = (RemoveHeadersOnCopy, ); }; };
		05A548661EA0E55A13F54B09 /* ItemListUseCaseTests.swift in Sources */ = {isa = PBXBuildFile; fileRef = 80C2FA648D19BBA688510A3B /* ItemListUseCaseTests.swift */; };
		05D6A48693C26BCFBD5A9CF0 /* PokemonDetailRepositoryTests.swift in Sources */ = {isa = PBXBuildFile; fileRef = 494B0FFEAA560CA905D67292 /* PokemonDetailRepositoryTests.swift */; };
		0D0559F7E5549F6716344F07 /* EvolutionChain_Eevee.json in Resources */ = {isa = PBXBuildFile; fileRef = 47C452A28B51281D0701221C /* EvolutionChain_Eevee.json */; };
		100040157674E597705CDD9F /* GoogleService-Info_Debug.plist in Resources */ = {isa = PBXBuildFile; fileRef = 95405685EB880E18B8C248A4 /* GoogleService-Info_Debug.plist */; };
		11B9CC537D1D6A7EBF8C4089 /* UrlSchemeTests.swift in Sources */ = {isa = PBXBuildFile; fileRef = 9BF22BBC17487860044FBDBB /* UrlSchemeTests.swift */; };
		144723F992B2A6476D1DBEF0 /* ItemDetailTranslatorTests.swift in Sources */ = {isa = PBXBuildFile; fileRef = 320A4DAC86049EBF2290353A /* ItemDetailTranslatorTests.swift */; };
		16237BDEAB80425EE9033098 /* TodayViewController.swift in Sources */ = {isa = PBXBuildFile; fileRef = 2DC17C22B92AC68BE0AA1023 /* TodayViewController.swift */; };
		1BA63AD09BA1FEF3C533183C /* PokemonSpeciesUseCaseTests.swift in Sources */ = {isa = PBXBuildFile; fileRef = A92398EC58FD2139D2F7C871 /* PokemonSpeciesUseCaseTests.swift */; };
		1CC925CE2B0D9E79C0C2479B /* ItemDetailModel.swift in Sources */ = {isa = PBXBuildFile; fileRef = 6F982B31F2AFC00AB6EF568A /* ItemDetailModel.swift */; };
		1D1D5A0816D98E44D1A7268E /* ItemDetail-Masterball.json in Resources */ = {isa = PBXBuildFile; fileRef = 054A95CA3CC239C8D821C20B /* ItemDetail-Masterball.json */; };
		1EDBD7A5F907934B5480852D /* EvolutionChainModel.swift in Sources */ = {isa = PBXBuildFile; fileRef = 7B875A5E024AC6D1A74F64BF /* EvolutionChainModel.swift */; };
		21BC8ED57B19BF275DCD5963 /* PokemonStatusTests.swift in Sources */ = {isa = PBXBuildFile; fileRef = 57AE2C1220FD1A14A48ACEEC /* PokemonStatusTests.swift */; };
		26343A781459DD44A849795B /* PokemonDetailTranslatorTests.swift in Sources */ = {isa = PBXBuildFile; fileRef = 290206FE75CD5427C85B0740 /* PokemonDetailTranslatorTests.swift */; };
		33E3D66064F8B5046AB731EB /* PokemonDetailModel.swift in Sources */ = {isa = PBXBuildFile; fileRef = 780D07B032ADF2CB10FF9326 /* PokemonDetailModel.swift */; };
		378EDAD62E1F279C39B675A6 /* PokemonListModel.swift in Sources */ = {isa = PBXBuildFile; fileRef = 48A307D7115C060217D5A35B /* PokemonListModel.swift */; };
		4570144F9EF8C88256450277 /* EvolutionChain_Bulbasaur.json in Resources */ = {isa = PBXBuildFile; fileRef = FC770454AA87E4604015C30F /* EvolutionChain_Bulbasaur.json */; };
		4682B5B8EC50DCE50EBC3300 /* PokemonSpeciesModel.swift in Sources */ = {isa = PBXBuildFile; fileRef = F9A78BCDF5235297E3B4B25B /* PokemonSpeciesModel.swift */; };
		4692375C606DFF43DBF0169B /* ItemListResponse.swift in Sources */ = {isa = PBXBuildFile; fileRef = 309ABBC3DE8739E6DBFAFEB2 /* ItemListResponse.swift */; };
		46B9F178ABC1E1895EA95C48 /* EvolutionChainPresenterTests.swift in Sources */ = {isa = PBXBuildFile; fileRef = EBDEE598E64CB9F41C7FFBAF /* EvolutionChainPresenterTests.swift */; };
		487CB22C4A0497AB7FDBA331 /* LaunchScreen.storyboard in Resources */ = {isa = PBXBuildFile; fileRef = A731D9C22186CF5D841CF260 /* LaunchScreen.storyboard */; };
		48F23D8D4227C14D530FACDB /* Assets.xcassets in Resources */ = {isa = PBXBuildFile; fileRef = 17DB221D354D614E9A6F70B9 /* Assets.xcassets */; };
		4DB8D6921B9F233011FE4A1F /* appearPokemon.sks in Resources */ = {isa = PBXBuildFile; fileRef = 1061A58DD3AAF6F7B3B70FA3 /* appearPokemon.sks */; };
		543A156A6C6369BEB03310A5 /* GoogleService-Info_Adhoc.plist in Resources */ = {isa = PBXBuildFile; fileRef = 79BE68BDAED122FD533E67B1 /* GoogleService-Info_Adhoc.plist */; };
		56A26F84494BDFB4E88B0481 /* Item.swift in Sources */ = {isa = PBXBuildFile; fileRef = C3BDC25442108E8A9AD0C9A2 /* Item.swift */; };
		56B1DBDDC15426AFFA2506D2 /* Assets.xcassets in Resources */ = {isa = PBXBuildFile; fileRef = 37A70028CCB6EFAD02B6A930 /* Assets.xcassets */; };
		58F6C056568EAA305937E647 /* PokemonDetail_Clefable.json in Resources */ = {isa = PBXBuildFile; fileRef = A1FE74E03B5EA945DF30E941 /* PokemonDetail_Clefable.json */; };
		5DC3711CE24E5E3955C525D8 /* NotificationCenter.framework in Frameworks */ = {isa = PBXBuildFile; fileRef = DB1F60CC1CCD18871699896F /* NotificationCenter.framework */; };
		5F98CFBF27E7D54E18A73339 /* PokemonSpeciesResponse.swift in Sources */ = {isa = PBXBuildFile; fileRef = 48D1F54F924B770E89271455 /* PokemonSpeciesResponse.swift */; };
		614E15A559DA2E0C84035DFD /* GoogleService-Info_Release.plist in Resources */ = {isa = PBXBuildFile; fileRef = 7C9DAEA4904309524F92C5E9 /* GoogleService-Info_Release.plist */; };
		6371D6F01791DEDCBE346B69 /* EvolutionChainResponse.swift in Sources */ = {isa = PBXBuildFile; fileRef = E1A9E67625EA9878E828E9D6 /* EvolutionChainResponse.swift */; };
		67851F558BDBF10DDDF493F5 /* PokemonSpecies-Bulbasaur.json in Resources */ = {isa = PBXBuildFile; fileRef = E3652FF1F4E2E8CB6283830F /* PokemonSpecies-Bulbasaur.json */; };
		68F829F7CEAA6AEA62B67BB1 /* ItemListRepositoryTests.swift in Sources */ = {isa = PBXBuildFile; fileRef = AEDA40771778CCB0553E9F0E /* ItemListRepositoryTests.swift */; };
		69404B319BE8D5E011EEC7B8 /* MockResults.swift in Sources */ = {isa = PBXBuildFile; fileRef = 9DDA1703AD50E143541B4079 /* MockResults.swift */; };
		6BAFD9739835D96CD4B8910D /* PokemonSpeciesTranslatorTests.swift in Sources */ = {isa = PBXBuildFile; fileRef = 08823EF73CA3CC4A6829F75C /* PokemonSpeciesTranslatorTests.swift */; };
		6C1A89F8A499487C78407D4A /* Media.xcassets in Resources */ = {isa = PBXBuildFile; fileRef = 557DEA34F84ADEA3C205241F /* Media.xcassets */; };
		6F2184127A9439F33ABCD64F /* EvolutionChainRepositoryTests.swift in Sources */ = {isa = PBXBuildFile; fileRef = 59C277FA3900EB80304DB75D /* EvolutionChainRepositoryTests.swift */; };
		776388AB92CBB060BBC4F480 /* JsonParser.swift in Sources */ = {isa = PBXBuildFile; fileRef = FF4A8E449A06D5F0D084ABA0 /* JsonParser.swift */; };
		796D74B494B5E966D441AAD2 /* EvolutionChainTranslatorTests.swift in Sources */ = {isa = PBXBuildFile; fileRef = FA9A5256E5B81C9D1ABD2EF1 /* EvolutionChainTranslatorTests.swift */; };
		7A9B853C6D3BBBBA9E14FA74 /* Pokemon.swift in Sources */ = {isa = PBXBuildFile; fileRef = F93E79EDBBC991D05C85CACB /* Pokemon.swift */; };
		7DFA8BFB0D2109456D2FEAED /* MainInterface.storyboard in Resources */ = {isa = PBXBuildFile; fileRef = 8135ED8B0A62D90D7A06A55B /* MainInterface.storyboard */; };
		80C8C5EE286DC6CC001B05DC /* Domain in Frameworks */ = {isa = PBXBuildFile; productRef = 80C8C5ED286DC6CC001B05DC /* Domain */; };
		80C8C5F0286DC6CC001B05DC /* Nuke in Frameworks */ = {isa = PBXBuildFile; productRef = 80C8C5EF286DC6CC001B05DC /* Nuke */; };
		82BC5D85DB679BB04536167C /* PokemonList.json in Resources */ = {isa = PBXBuildFile; fileRef = B864CEA9ADCC5BFECFE8411F /* PokemonList.json */; };
		84178F0A34AB962BEEBED535 /* PokemonListPresenterTests.swift in Sources */ = {isa = PBXBuildFile; fileRef = E3B70244162A87961E6ADF59 /* PokemonListPresenterTests.swift */; };
		891A92DC5C8504DB056C73E3 /* PokemonDetailPresenterTests.swift in Sources */ = {isa = PBXBuildFile; fileRef = 24D2D30DFC256BF2A229E5B5 /* PokemonDetailPresenterTests.swift */; };
		901EF6C591D57EAAE5159422 /* RandomPokemonNumberGenrator.swift in Sources */ = {isa = PBXBuildFile; fileRef = 2438E066C26749295038BD2C /* RandomPokemonNumberGenrator.swift */; };
		9486B38F351483CA6AF4C4C0 /* ItemDetailPresenterTests.swift in Sources */ = {isa = PBXBuildFile; fileRef = C032817EEDE5398455253338 /* ItemDetailPresenterTests.swift */; };
		99EF2511C06491A86ADAE516 /* UIImageView+.swift in Sources */ = {isa = PBXBuildFile; fileRef = C98B55CF32C3FA0E2906CD0D /* UIImageView+.swift */; };
		9D4ADEA24E7716BBCDE46B82 /* PokedexActivity.swift in Sources */ = {isa = PBXBuildFile; fileRef = B625B46452CBCEBFAB609CC5 /* PokedexActivity.swift */; };
		9DBDD30CD4D7D8AE21682AFB /* PokemonListRepositoryTests.swift in Sources */ = {isa = PBXBuildFile; fileRef = 7A00D5203710BB2EFB240D29 /* PokemonListRepositoryTests.swift */; };
		A8F71A20D554EB00FA59D3AE /* EvolutionChainUseCaseTests.swift in Sources */ = {isa = PBXBuildFile; fileRef = 09F07A45CA86EDC6952BC829 /* EvolutionChainUseCaseTests.swift */; };
		ABE8268BEA7D1F2D38735722 /* ItemDetailResponse.swift in Sources */ = {isa = PBXBuildFile; fileRef = 1E0C6F54E9507BBC116DFC78 /* ItemDetailResponse.swift */; };
		AC93C69AB65CF0A5DFB04BD1 /* PokemonDetail_Zeraora.json in Resources */ = {isa = PBXBuildFile; fileRef = 2FD7722BB45A1A66852D3156 /* PokemonDetail_Zeraora.json */; };
		B09044356637969C49765806 /* AppDelegate.swift in Sources */ = {isa = PBXBuildFile; fileRef = 70AD3D70F9F2DBC64B8B21B6 /* AppDelegate.swift */; };
		B3FE91CBD284CCD21F9B1027 /* PokemonListUseCaseTests.swift in Sources */ = {isa = PBXBuildFile; fileRef = 09298A50B72715C6BE774DB7 /* PokemonListUseCaseTests.swift */; };
		B9AC3497E0E5833BFCC52374 /* ItemDetailUseCaseTests.swift in Sources */ = {isa = PBXBuildFile; fileRef = 19C5653B25568D0541D18696 /* ItemDetailUseCaseTests.swift */; };
		BF8480070592B91D771D0B05 /* EvolutionChain_Kangaskhan.json in Resources */ = {isa = PBXBuildFile; fileRef = 3404D349ED5D39AC5AF271B8 /* EvolutionChain_Kangaskhan.json */; };
		C1C066CE1BEB1867BDD2124C /* TestError.swift in Sources */ = {isa = PBXBuildFile; fileRef = F76CEA80371317D32ADD54A2 /* TestError.swift */; };
		C2CBA58A787F1A68219BFC0A /* PokemonNumberGeneratorTests.swift in Sources */ = {isa = PBXBuildFile; fileRef = 1DBB28EA2F69A498068C735D /* PokemonNumberGeneratorTests.swift */; };
		C660228C02FC82A67B3A74C1 /* PokemonDetail_Bulbasaur.json in Resources */ = {isa = PBXBuildFile; fileRef = 83F2607D9E1ABD0F59FA1BB2 /* PokemonDetail_Bulbasaur.json */; };
		CDFE4B4FD812C5C261260979 /* PokemonListTranslatorTests.swift in Sources */ = {isa = PBXBuildFile; fileRef = A1362ADF0518479A844C8BF9 /* PokemonListTranslatorTests.swift */; };
		D11F1A2DD3E64C58CA69B398 /* SceneDelegate.swift in Sources */ = {isa = PBXBuildFile; fileRef = BC79E045F031762702073DE4 /* SceneDelegate.swift */; };
		D4A6573933DBA4FBEB791E1B /* ItemListModel.swift in Sources */ = {isa = PBXBuildFile; fileRef = E5E14F4B75F1D2828C6E6CD0 /* ItemListModel.swift */; };
		D4D08C1A3FFA4AC874E47CD4 /* PokemonDetailResponse.swift in Sources */ = {isa = PBXBuildFile; fileRef = 21C2D3F1A5A1F2ECD81A3106 /* PokemonDetailResponse.swift */; };
		D62012073EBB43E05644B661 /* PokemonListResponse.swift in Sources */ = {isa = PBXBuildFile; fileRef = 0764279D58FA72A66DF1FD0F /* PokemonListResponse.swift */; };
		DA255AAA88117DE330B9B140 /* Settings.bundle in Resources */ = {isa = PBXBuildFile; fileRef = A51E1AE610EDDE81584B3B6D /* Settings.bundle */; };
		E0DECF348F78F9932AC4DAF8 /* ItemList.json in Resources */ = {isa = PBXBuildFile; fileRef = 001C8246C2AF28C9813E1882 /* ItemList.json */; };
		E7121E4FEBE9166D9DF0F0D0 /* PokemonDetailUseCaseTests.swift in Sources */ = {isa = PBXBuildFile; fileRef = 681FC5DA3E48501B3192B73F /* PokemonDetailUseCaseTests.swift */; };
		E8D2D60569CF866180443721 /* ItemListTranslatorTests.swift in Sources */ = {isa = PBXBuildFile; fileRef = 4F187260CC8642B959AAF022 /* ItemListTranslatorTests.swift */; };
		F6C9DCD3F8F841F84FF85A78 /* PokemonSpeciesRepository.swift in Sources */ = {isa = PBXBuildFile; fileRef = F8A3B444F69FAE3B370A55C3 /* PokemonSpeciesRepository.swift */; };
		F9BBE301113FEDE85EC46B8C /* PokemonTypeTests.swift in Sources */ = {isa = PBXBuildFile; fileRef = 71B8CB3C6E74540A0068248E /* PokemonTypeTests.swift */; };
		FAFB241C6000AD2115C9CDFB /* ItemDetailRepositoryTests.swift in Sources */ = {isa = PBXBuildFile; fileRef = 581FDC0539032C0EBF237A5D /* ItemDetailRepositoryTests.swift */; };
		FB54F5B97404666E713175CC /* ItemListPresenterTests.swift in Sources */ = {isa = PBXBuildFile; fileRef = DAD85F84E8CCB3373FAF4864 /* ItemListPresenterTests.swift */; };
/* End PBXBuildFile section */

/* Begin PBXContainerItemProxy section */
		BC26EF720DF286CF99580F30 /* PBXContainerItemProxy */ = {
			isa = PBXContainerItemProxy;
			containerPortal = 06510187501688BCA6CB4E60 /* Project object */;
			proxyType = 1;
			remoteGlobalIDString = D8AADF6CAE729A3D698F1F37;
			remoteInfo = Pokedex;
		};
		EB799EAD7C5F61A042F68664 /* PBXContainerItemProxy */ = {
			isa = PBXContainerItemProxy;
			containerPortal = 06510187501688BCA6CB4E60 /* Project object */;
			proxyType = 1;
			remoteGlobalIDString = 4A032085E6812CECD300D05D;
			remoteInfo = QuizTodayExtension;
		};
/* End PBXContainerItemProxy section */

/* Begin PBXCopyFilesBuildPhase section */
		B91BA33C85934BAA97051A7D /* Embed Frameworks */ = {
			isa = PBXCopyFilesBuildPhase;
			buildActionMask = 2147483647;
			dstPath = "";
			dstSubfolderSpec = 10;
			files = (
			);
			name = "Embed Frameworks";
			runOnlyForDeploymentPostprocessing = 0;
		};
		E345BE1B3348535DA81EB82F /* Embed App Extensions */ = {
			isa = PBXCopyFilesBuildPhase;
			buildActionMask = 2147483647;
			dstPath = "";
			dstSubfolderSpec = 13;
			files = (
				00BC11CADA087F1A1A5A2CA9 /* QuizTodayExtension.appex in Embed App Extensions */,
			);
			name = "Embed App Extensions";
			runOnlyForDeploymentPostprocessing = 0;
		};
/* End PBXCopyFilesBuildPhase section */

/* Begin PBXFileReference section */
		001C8246C2AF28C9813E1882 /* ItemList.json */ = {isa = PBXFileReference; lastKnownFileType = text.json; path = ItemList.json; sourceTree = "<group>"; };
		054A95CA3CC239C8D821C20B /* ItemDetail-Masterball.json */ = {isa = PBXFileReference; lastKnownFileType = text.json; path = "ItemDetail-Masterball.json"; sourceTree = "<group>"; };
		0764279D58FA72A66DF1FD0F /* PokemonListResponse.swift */ = {isa = PBXFileReference; lastKnownFileType = sourcecode.swift; path = PokemonListResponse.swift; sourceTree = "<group>"; };
		08823EF73CA3CC4A6829F75C /* PokemonSpeciesTranslatorTests.swift */ = {isa = PBXFileReference; lastKnownFileType = sourcecode.swift; path = PokemonSpeciesTranslatorTests.swift; sourceTree = "<group>"; };
		09298A50B72715C6BE774DB7 /* PokemonListUseCaseTests.swift */ = {isa = PBXFileReference; lastKnownFileType = sourcecode.swift; path = PokemonListUseCaseTests.swift; sourceTree = "<group>"; };
		09F07A45CA86EDC6952BC829 /* EvolutionChainUseCaseTests.swift */ = {isa = PBXFileReference; lastKnownFileType = sourcecode.swift; path = EvolutionChainUseCaseTests.swift; sourceTree = "<group>"; };
		1061A58DD3AAF6F7B3B70FA3 /* appearPokemon.sks */ = {isa = PBXFileReference; lastKnownFileType = file.sks; path = appearPokemon.sks; sourceTree = "<group>"; };
		17DB221D354D614E9A6F70B9 /* Assets.xcassets */ = {isa = PBXFileReference; lastKnownFileType = folder.assetcatalog; path = Assets.xcassets; sourceTree = "<group>"; };
		19C5653B25568D0541D18696 /* ItemDetailUseCaseTests.swift */ = {isa = PBXFileReference; lastKnownFileType = sourcecode.swift; path = ItemDetailUseCaseTests.swift; sourceTree = "<group>"; };
		1DBB28EA2F69A498068C735D /* PokemonNumberGeneratorTests.swift */ = {isa = PBXFileReference; lastKnownFileType = sourcecode.swift; path = PokemonNumberGeneratorTests.swift; sourceTree = "<group>"; };
		1E0C6F54E9507BBC116DFC78 /* ItemDetailResponse.swift */ = {isa = PBXFileReference; lastKnownFileType = sourcecode.swift; path = ItemDetailResponse.swift; sourceTree = "<group>"; };
		21C2D3F1A5A1F2ECD81A3106 /* PokemonDetailResponse.swift */ = {isa = PBXFileReference; lastKnownFileType = sourcecode.swift; path = PokemonDetailResponse.swift; sourceTree = "<group>"; };
		232BDFE5DBA68B07E07B5C18 /* Pokedex.app */ = {isa = PBXFileReference; explicitFileType = wrapper.application; includeInIndex = 0; path = Pokedex.app; sourceTree = BUILT_PRODUCTS_DIR; };
		2438E066C26749295038BD2C /* RandomPokemonNumberGenrator.swift */ = {isa = PBXFileReference; lastKnownFileType = sourcecode.swift; path = RandomPokemonNumberGenrator.swift; sourceTree = "<group>"; };
		24D2D30DFC256BF2A229E5B5 /* PokemonDetailPresenterTests.swift */ = {isa = PBXFileReference; lastKnownFileType = sourcecode.swift; path = PokemonDetailPresenterTests.swift; sourceTree = "<group>"; };
		290206FE75CD5427C85B0740 /* PokemonDetailTranslatorTests.swift */ = {isa = PBXFileReference; lastKnownFileType = sourcecode.swift; path = PokemonDetailTranslatorTests.swift; sourceTree = "<group>"; };
		2DC17C22B92AC68BE0AA1023 /* TodayViewController.swift */ = {isa = PBXFileReference; lastKnownFileType = sourcecode.swift; path = TodayViewController.swift; sourceTree = "<group>"; };
		2FD7722BB45A1A66852D3156 /* PokemonDetail_Zeraora.json */ = {isa = PBXFileReference; lastKnownFileType = text.json; path = PokemonDetail_Zeraora.json; sourceTree = "<group>"; };
		309ABBC3DE8739E6DBFAFEB2 /* ItemListResponse.swift */ = {isa = PBXFileReference; lastKnownFileType = sourcecode.swift; path = ItemListResponse.swift; sourceTree = "<group>"; };
		31B5EEC40BE8B9151E4ABFA1 /* QuizTodayExtension.appex */ = {isa = PBXFileReference; includeInIndex = 0; lastKnownFileType = "wrapper.app-extension"; path = QuizTodayExtension.appex; sourceTree = BUILT_PRODUCTS_DIR; };
		320A4DAC86049EBF2290353A /* ItemDetailTranslatorTests.swift */ = {isa = PBXFileReference; lastKnownFileType = sourcecode.swift; path = ItemDetailTranslatorTests.swift; sourceTree = "<group>"; };
		3404D349ED5D39AC5AF271B8 /* EvolutionChain_Kangaskhan.json */ = {isa = PBXFileReference; lastKnownFileType = text.json; path = EvolutionChain_Kangaskhan.json; sourceTree = "<group>"; };
		37A70028CCB6EFAD02B6A930 /* Assets.xcassets */ = {isa = PBXFileReference; lastKnownFileType = folder.assetcatalog; path = Assets.xcassets; sourceTree = "<group>"; };
		47C452A28B51281D0701221C /* EvolutionChain_Eevee.json */ = {isa = PBXFileReference; lastKnownFileType = text.json; path = EvolutionChain_Eevee.json; sourceTree = "<group>"; };
		48A307D7115C060217D5A35B /* PokemonListModel.swift */ = {isa = PBXFileReference; lastKnownFileType = sourcecode.swift; path = PokemonListModel.swift; sourceTree = "<group>"; };
		48D1F54F924B770E89271455 /* PokemonSpeciesResponse.swift */ = {isa = PBXFileReference; lastKnownFileType = sourcecode.swift; path = PokemonSpeciesResponse.swift; sourceTree = "<group>"; };
		494B0FFEAA560CA905D67292 /* PokemonDetailRepositoryTests.swift */ = {isa = PBXFileReference; lastKnownFileType = sourcecode.swift; path = PokemonDetailRepositoryTests.swift; sourceTree = "<group>"; };
		4F187260CC8642B959AAF022 /* ItemListTranslatorTests.swift */ = {isa = PBXFileReference; lastKnownFileType = sourcecode.swift; path = ItemListTranslatorTests.swift; sourceTree = "<group>"; };
		53456AC2EDABF52737178128 /* Info.plist */ = {isa = PBXFileReference; lastKnownFileType = text.plist; path = Info.plist; sourceTree = "<group>"; };
		557DEA34F84ADEA3C205241F /* Media.xcassets */ = {isa = PBXFileReference; lastKnownFileType = folder.assetcatalog; path = Media.xcassets; sourceTree = "<group>"; };
		57AE2C1220FD1A14A48ACEEC /* PokemonStatusTests.swift */ = {isa = PBXFileReference; lastKnownFileType = sourcecode.swift; path = PokemonStatusTests.swift; sourceTree = "<group>"; };
		581FDC0539032C0EBF237A5D /* ItemDetailRepositoryTests.swift */ = {isa = PBXFileReference; lastKnownFileType = sourcecode.swift; path = ItemDetailRepositoryTests.swift; sourceTree = "<group>"; };
		59C277FA3900EB80304DB75D /* EvolutionChainRepositoryTests.swift */ = {isa = PBXFileReference; lastKnownFileType = sourcecode.swift; path = EvolutionChainRepositoryTests.swift; sourceTree = "<group>"; };
		681FC5DA3E48501B3192B73F /* PokemonDetailUseCaseTests.swift */ = {isa = PBXFileReference; lastKnownFileType = sourcecode.swift; path = PokemonDetailUseCaseTests.swift; sourceTree = "<group>"; };
		6F982B31F2AFC00AB6EF568A /* ItemDetailModel.swift */ = {isa = PBXFileReference; lastKnownFileType = sourcecode.swift; path = ItemDetailModel.swift; sourceTree = "<group>"; };
		706C8C89A5209E073918A5AE /* Info.plist */ = {isa = PBXFileReference; lastKnownFileType = text.plist; path = Info.plist; sourceTree = "<group>"; };
		70AD3D70F9F2DBC64B8B21B6 /* AppDelegate.swift */ = {isa = PBXFileReference; lastKnownFileType = sourcecode.swift; path = AppDelegate.swift; sourceTree = "<group>"; };
		71B8CB3C6E74540A0068248E /* PokemonTypeTests.swift */ = {isa = PBXFileReference; lastKnownFileType = sourcecode.swift; path = PokemonTypeTests.swift; sourceTree = "<group>"; };
		780D07B032ADF2CB10FF9326 /* PokemonDetailModel.swift */ = {isa = PBXFileReference; lastKnownFileType = sourcecode.swift; path = PokemonDetailModel.swift; sourceTree = "<group>"; };
		79BE68BDAED122FD533E67B1 /* GoogleService-Info_Adhoc.plist */ = {isa = PBXFileReference; lastKnownFileType = text.plist; path = "GoogleService-Info_Adhoc.plist"; sourceTree = "<group>"; };
		7A00D5203710BB2EFB240D29 /* PokemonListRepositoryTests.swift */ = {isa = PBXFileReference; lastKnownFileType = sourcecode.swift; path = PokemonListRepositoryTests.swift; sourceTree = "<group>"; };
		7B875A5E024AC6D1A74F64BF /* EvolutionChainModel.swift */ = {isa = PBXFileReference; lastKnownFileType = sourcecode.swift; path = EvolutionChainModel.swift; sourceTree = "<group>"; };
		7C9DAEA4904309524F92C5E9 /* GoogleService-Info_Release.plist */ = {isa = PBXFileReference; lastKnownFileType = text.plist; path = "GoogleService-Info_Release.plist"; sourceTree = "<group>"; };
		80C2FA648D19BBA688510A3B /* ItemListUseCaseTests.swift */ = {isa = PBXFileReference; lastKnownFileType = sourcecode.swift; path = ItemListUseCaseTests.swift; sourceTree = "<group>"; };
		80F3C289286DB6A700C39484 /* DataStore */ = {isa = PBXFileReference; lastKnownFileType = wrapper; path = DataStore; sourceTree = "<group>"; };
		80F3C28A286DB8C300C39484 /* Domain */ = {isa = PBXFileReference; lastKnownFileType = wrapper; path = Domain; sourceTree = "<group>"; };
		80F3C28B286DB96C00C39484 /* Presentation */ = {isa = PBXFileReference; lastKnownFileType = wrapper; path = Presentation; sourceTree = "<group>"; };
		83F2607D9E1ABD0F59FA1BB2 /* PokemonDetail_Bulbasaur.json */ = {isa = PBXFileReference; lastKnownFileType = text.json; path = PokemonDetail_Bulbasaur.json; sourceTree = "<group>"; };
		95405685EB880E18B8C248A4 /* GoogleService-Info_Debug.plist */ = {isa = PBXFileReference; lastKnownFileType = text.plist; path = "GoogleService-Info_Debug.plist"; sourceTree = "<group>"; };
		9BF22BBC17487860044FBDBB /* UrlSchemeTests.swift */ = {isa = PBXFileReference; lastKnownFileType = sourcecode.swift; path = UrlSchemeTests.swift; sourceTree = "<group>"; };
		9DDA1703AD50E143541B4079 /* MockResults.swift */ = {isa = PBXFileReference; lastKnownFileType = sourcecode.swift; path = MockResults.swift; sourceTree = "<group>"; };
		A1362ADF0518479A844C8BF9 /* PokemonListTranslatorTests.swift */ = {isa = PBXFileReference; lastKnownFileType = sourcecode.swift; path = PokemonListTranslatorTests.swift; sourceTree = "<group>"; };
		A1FE74E03B5EA945DF30E941 /* PokemonDetail_Clefable.json */ = {isa = PBXFileReference; lastKnownFileType = text.json; path = PokemonDetail_Clefable.json; sourceTree = "<group>"; };
		A51E1AE610EDDE81584B3B6D /* Settings.bundle */ = {isa = PBXFileReference; lastKnownFileType = wrapper.cfbundle; path = Settings.bundle; sourceTree = "<group>"; };
		A8D1E7D569AF8E23B9C5D4E2 /* Base */ = {isa = PBXFileReference; lastKnownFileType = file.storyboard; name = Base; path = Base.lproj/LaunchScreen.storyboard; sourceTree = "<group>"; };
		A92398EC58FD2139D2F7C871 /* PokemonSpeciesUseCaseTests.swift */ = {isa = PBXFileReference; lastKnownFileType = sourcecode.swift; path = PokemonSpeciesUseCaseTests.swift; sourceTree = "<group>"; };
		AEDA40771778CCB0553E9F0E /* ItemListRepositoryTests.swift */ = {isa = PBXFileReference; lastKnownFileType = sourcecode.swift; path = ItemListRepositoryTests.swift; sourceTree = "<group>"; };
		B3C84201AA37EFDC55B1EDF0 /* Base */ = {isa = PBXFileReference; lastKnownFileType = file.storyboard; name = Base; path = Base.lproj/MainInterface.storyboard; sourceTree = "<group>"; };
		B5B0859B5CF65551850697D6 /* PokedexTests.xctest */ = {isa = PBXFileReference; includeInIndex = 0; lastKnownFileType = wrapper.cfbundle; path = PokedexTests.xctest; sourceTree = BUILT_PRODUCTS_DIR; };
		B625B46452CBCEBFAB609CC5 /* PokedexActivity.swift */ = {isa = PBXFileReference; lastKnownFileType = sourcecode.swift; path = PokedexActivity.swift; sourceTree = "<group>"; };
		B69082E813A7CC08AF8B6530 /* Info.plist */ = {isa = PBXFileReference; lastKnownFileType = text.plist; path = Info.plist; sourceTree = "<group>"; };
		B864CEA9ADCC5BFECFE8411F /* PokemonList.json */ = {isa = PBXFileReference; lastKnownFileType = text.json; path = PokemonList.json; sourceTree = "<group>"; };
		BC79E045F031762702073DE4 /* SceneDelegate.swift */ = {isa = PBXFileReference; lastKnownFileType = sourcecode.swift; path = SceneDelegate.swift; sourceTree = "<group>"; };
		C032817EEDE5398455253338 /* ItemDetailPresenterTests.swift */ = {isa = PBXFileReference; lastKnownFileType = sourcecode.swift; path = ItemDetailPresenterTests.swift; sourceTree = "<group>"; };
		C0E4F7BB17A3353813A65BB6 /* Adhoc.xcconfig */ = {isa = PBXFileReference; lastKnownFileType = text.xcconfig; path = Adhoc.xcconfig; sourceTree = "<group>"; };
		C1F36AA799E18EDE40A91750 /* Debug.xcconfig */ = {isa = PBXFileReference; lastKnownFileType = text.xcconfig; path = Debug.xcconfig; sourceTree = "<group>"; };
		C3BDC25442108E8A9AD0C9A2 /* Item.swift */ = {isa = PBXFileReference; lastKnownFileType = sourcecode.swift; path = Item.swift; sourceTree = "<group>"; };
		C98B55CF32C3FA0E2906CD0D /* UIImageView+.swift */ = {isa = PBXFileReference; lastKnownFileType = sourcecode.swift; path = "UIImageView+.swift"; sourceTree = "<group>"; };
		DAD85F84E8CCB3373FAF4864 /* ItemListPresenterTests.swift */ = {isa = PBXFileReference; lastKnownFileType = sourcecode.swift; path = ItemListPresenterTests.swift; sourceTree = "<group>"; };
		DB1F60CC1CCD18871699896F /* NotificationCenter.framework */ = {isa = PBXFileReference; lastKnownFileType = wrapper.framework; name = NotificationCenter.framework; path = System/Library/Frameworks/NotificationCenter.framework; sourceTree = SDKROOT; };
		E1A9E67625EA9878E828E9D6 /* EvolutionChainResponse.swift */ = {isa = PBXFileReference; lastKnownFileType = sourcecode.swift; path = EvolutionChainResponse.swift; sourceTree = "<group>"; };
		E3652FF1F4E2E8CB6283830F /* PokemonSpecies-Bulbasaur.json */ = {isa = PBXFileReference; lastKnownFileType = text.json; path = "PokemonSpecies-Bulbasaur.json"; sourceTree = "<group>"; };
		E3B70244162A87961E6ADF59 /* PokemonListPresenterTests.swift */ = {isa = PBXFileReference; lastKnownFileType = sourcecode.swift; path = PokemonListPresenterTests.swift; sourceTree = "<group>"; };
		E5E14F4B75F1D2828C6E6CD0 /* ItemListModel.swift */ = {isa = PBXFileReference; lastKnownFileType = sourcecode.swift; path = ItemListModel.swift; sourceTree = "<group>"; };
		EBDEE598E64CB9F41C7FFBAF /* EvolutionChainPresenterTests.swift */ = {isa = PBXFileReference; lastKnownFileType = sourcecode.swift; path = EvolutionChainPresenterTests.swift; sourceTree = "<group>"; };
		F5623E509D3F33B8269507D0 /* .gitkeep */ = {isa = PBXFileReference; lastKnownFileType = text; path = .gitkeep; sourceTree = "<group>"; };
		F593396ADD260CCD50DAE7F9 /* Release.xcconfig */ = {isa = PBXFileReference; lastKnownFileType = text.xcconfig; path = Release.xcconfig; sourceTree = "<group>"; };
		F76CEA80371317D32ADD54A2 /* TestError.swift */ = {isa = PBXFileReference; lastKnownFileType = sourcecode.swift; path = TestError.swift; sourceTree = "<group>"; };
		F8A3B444F69FAE3B370A55C3 /* PokemonSpeciesRepository.swift */ = {isa = PBXFileReference; lastKnownFileType = sourcecode.swift; path = PokemonSpeciesRepository.swift; sourceTree = "<group>"; };
		F93E79EDBBC991D05C85CACB /* Pokemon.swift */ = {isa = PBXFileReference; lastKnownFileType = sourcecode.swift; path = Pokemon.swift; sourceTree = "<group>"; };
		F9A78BCDF5235297E3B4B25B /* PokemonSpeciesModel.swift */ = {isa = PBXFileReference; lastKnownFileType = sourcecode.swift; path = PokemonSpeciesModel.swift; sourceTree = "<group>"; };
		FA9A5256E5B81C9D1ABD2EF1 /* EvolutionChainTranslatorTests.swift */ = {isa = PBXFileReference; lastKnownFileType = sourcecode.swift; path = EvolutionChainTranslatorTests.swift; sourceTree = "<group>"; };
		FC770454AA87E4604015C30F /* EvolutionChain_Bulbasaur.json */ = {isa = PBXFileReference; lastKnownFileType = text.json; path = EvolutionChain_Bulbasaur.json; sourceTree = "<group>"; };
		FF4A8E449A06D5F0D084ABA0 /* JsonParser.swift */ = {isa = PBXFileReference; lastKnownFileType = sourcecode.swift; path = JsonParser.swift; sourceTree = "<group>"; };
/* End PBXFileReference section */

/* Begin PBXFrameworksBuildPhase section */
		1734804CF83B1A5BEAD73B75 /* Frameworks */ = {
			isa = PBXFrameworksBuildPhase;
			buildActionMask = 2147483647;
			files = (
			);
			runOnlyForDeploymentPostprocessing = 0;
		};
		E0F51CB7BA37D7D166800520 /* Frameworks */ = {
			isa = PBXFrameworksBuildPhase;
			buildActionMask = 2147483647;
			files = (
				80C8C5F0286DC6CC001B05DC /* Nuke in Frameworks */,
				80C8C5EE286DC6CC001B05DC /* Domain in Frameworks */,
				5DC3711CE24E5E3955C525D8 /* NotificationCenter.framework in Frameworks */,
			);
			runOnlyForDeploymentPostprocessing = 0;
		};
/* End PBXFrameworksBuildPhase section */

/* Begin PBXGroup section */
		0041984DA57F45092A2544B9 /* UseCase */ = {
			isa = PBXGroup;
			children = (
				A92398EC58FD2139D2F7C871 /* PokemonSpeciesUseCaseTests.swift */,
			);
			path = UseCase;
			sourceTree = "<group>";
		};
		0294F8FDC463C440EE187A62 /* EvolutionChain */ = {
			isa = PBXGroup;
			children = (
				14F7630592F1B43FF58FF944 /* Translator */,
				710F3472CEC2702EFF31050D /* UseCase */,
			);
			path = EvolutionChain;
			sourceTree = "<group>";
		};
		0423790816B3E7D97B936409 /* Firebase */ = {
			isa = PBXGroup;
			children = (
				79BE68BDAED122FD533E67B1 /* GoogleService-Info_Adhoc.plist */,
				95405685EB880E18B8C248A4 /* GoogleService-Info_Debug.plist */,
				7C9DAEA4904309524F92C5E9 /* GoogleService-Info_Release.plist */,
			);
			path = Firebase;
			sourceTree = "<group>";
		};
		080CAE2896FC5DD49EE5ACE9 /* PokemonStatus */ = {
			isa = PBXGroup;
			children = (
				57AE2C1220FD1A14A48ACEEC /* PokemonStatusTests.swift */,
			);
			path = PokemonStatus;
			sourceTree = "<group>";
		};
		09577F135F52637860DB3E85 /* Translator */ = {
			isa = PBXGroup;
			children = (
				290206FE75CD5427C85B0740 /* PokemonDetailTranslatorTests.swift */,
			);
			path = Translator;
			sourceTree = "<group>";
		};
		127773AE4AB217E1E6C417BC /* ItemList */ = {
			isa = PBXGroup;
			children = (
				B95D647BC11BDA219AC2C9AC /* json */,
				FFB6C9A5AC178E7184F3202A /* Response */,
			);
			path = ItemList;
			sourceTree = "<group>";
		};
		14F7630592F1B43FF58FF944 /* Translator */ = {
			isa = PBXGroup;
			children = (
				FA9A5256E5B81C9D1ABD2EF1 /* EvolutionChainTranslatorTests.swift */,
			);
			path = Translator;
			sourceTree = "<group>";
		};
		1A49DC61E0C35DD9031C5165 /* ItemList */ = {
			isa = PBXGroup;
			children = (
				DAD85F84E8CCB3373FAF4864 /* ItemListPresenterTests.swift */,
			);
			path = ItemList;
			sourceTree = "<group>";
		};
		1E6EA23E8DE1061A52E75645 /* Error */ = {
			isa = PBXGroup;
			children = (
				F76CEA80371317D32ADD54A2 /* TestError.swift */,
			);
			path = Error;
			sourceTree = "<group>";
		};
		23D12BD9E21172FB08304807 /* PokemonType */ = {
			isa = PBXGroup;
			children = (
				71B8CB3C6E74540A0068248E /* PokemonTypeTests.swift */,
			);
			path = PokemonType;
			sourceTree = "<group>";
		};
		2652725931623A3A6DF15D93 /* QuizTodayExtension */ = {
			isa = PBXGroup;
			children = (
				B69082E813A7CC08AF8B6530 /* Info.plist */,
				B8580F5A6C13CE2FEEF0AE4B /* Resource */,
				A43B88FF79C663B070A01144 /* Utility */,
				6734576D197AF9063C36E856 /* View */,
			);
			path = QuizTodayExtension;
			sourceTree = "<group>";
		};
		284879D4DF913E1DA4691D84 /* UrlScheme */ = {
			isa = PBXGroup;
			children = (
				9BF22BBC17487860044FBDBB /* UrlSchemeTests.swift */,
			);
			path = UrlScheme;
			sourceTree = "<group>";
		};
		2999181291A3B62B65C4E2ED /* PokemonDetail */ = {
			isa = PBXGroup;
			children = (
				24D2D30DFC256BF2A229E5B5 /* PokemonDetailPresenterTests.swift */,
			);
			path = PokemonDetail;
			sourceTree = "<group>";
		};
		2A8127D16D93C8E7269D09DC /* PokedexActivity */ = {
			isa = PBXGroup;
			children = (
				B625B46452CBCEBFAB609CC5 /* PokedexActivity.swift */,
			);
			path = PokedexActivity;
			sourceTree = "<group>";
		};
		2CA5100B357A92F96D88578F /* Sprite */ = {
			isa = PBXGroup;
			children = (
				1061A58DD3AAF6F7B3B70FA3 /* appearPokemon.sks */,
				17DB221D354D614E9A6F70B9 /* Assets.xcassets */,
			);
			path = Sprite;
			sourceTree = "<group>";
		};
		3147208FC90904B0893FE220 /* Response */ = {
			isa = PBXGroup;
			children = (
				21C2D3F1A5A1F2ECD81A3106 /* PokemonDetailResponse.swift */,
			);
			path = Response;
			sourceTree = "<group>";
		};
		344C72CC2616080BAB996119 /* Response */ = {
			isa = PBXGroup;
			children = (
				48D1F54F924B770E89271455 /* PokemonSpeciesResponse.swift */,
			);
			path = Response;
			sourceTree = "<group>";
		};
		37FCCE244F870597BCAB7E76 /* UseCase */ = {
			isa = PBXGroup;
			children = (
				681FC5DA3E48501B3192B73F /* PokemonDetailUseCaseTests.swift */,
			);
			path = UseCase;
			sourceTree = "<group>";
		};
		383667A3FC281EAAEFE88609 /* ItemDetail */ = {
			isa = PBXGroup;
			children = (
				AF1ACE97E2CFA5F4CEB613FC /* Translator */,
				94C6FD7370782A75F7FD587D /* UseCase */,
			);
			path = ItemDetail;
			sourceTree = "<group>";
		};
		386442B503A199E541B719CB /* Generated */ = {
			isa = PBXGroup;
			children = (
				F5623E509D3F33B8269507D0 /* .gitkeep */,
				9DDA1703AD50E143541B4079 /* MockResults.swift */,
			);
			path = Generated;
			sourceTree = "<group>";
		};
		39C003312127534285967499 /* ItemList */ = {
			isa = PBXGroup;
			children = (
				E3E17BC448CA7631E54B963B /* Translator */,
				BB137747526499C9B1069B8C /* UseCase */,
			);
			path = ItemList;
			sourceTree = "<group>";
		};
		3E4E64F995F598B8DA6FEE58 /* Response */ = {
			isa = PBXGroup;
			children = (
				0764279D58FA72A66DF1FD0F /* PokemonListResponse.swift */,
			);
			path = Response;
			sourceTree = "<group>";
		};
		3F755B53EA7347C83712064E /* Response */ = {
			isa = PBXGroup;
			children = (
				E1A9E67625EA9878E828E9D6 /* EvolutionChainResponse.swift */,
			);
			path = Response;
			sourceTree = "<group>";
		};
		3F904D16795A38E9990B2052 /* EvolutionChain */ = {
			isa = PBXGroup;
			children = (
				EBDEE598E64CB9F41C7FFBAF /* EvolutionChainPresenterTests.swift */,
			);
			path = EvolutionChain;
			sourceTree = "<group>";
		};
		4297D36D54F04104CB033AFF /* EvolutionChain */ = {
			isa = PBXGroup;
			children = (
				7B875A5E024AC6D1A74F64BF /* EvolutionChainModel.swift */,
			);
			path = EvolutionChain;
			sourceTree = "<group>";
		};
		444C2BBF6D2297ED43A6EE15 /* PokemonDetail */ = {
			isa = PBXGroup;
			children = (
				494B0FFEAA560CA905D67292 /* PokemonDetailRepositoryTests.swift */,
			);
			path = PokemonDetail;
			sourceTree = "<group>";
		};
		483AE5BE38024F39B7CE80DF /* PokemonList */ = {
			isa = PBXGroup;
			children = (
				9B612A1B9DE79EA83E7C773E /* Translator */,
				6E73FD5AEEECE5856885DD57 /* UseCase */,
			);
			path = PokemonList;
			sourceTree = "<group>";
		};
		4B22089B4A88DEC1478F2E34 /* json */ = {
			isa = PBXGroup;
			children = (
				054A95CA3CC239C8D821C20B /* ItemDetail-Masterball.json */,
			);
			path = json;
			sourceTree = "<group>";
		};
		4BE38EDD0A479927CA807169 /* RandomPokemonNumberGenrator */ = {
			isa = PBXGroup;
			children = (
				2438E066C26749295038BD2C /* RandomPokemonNumberGenrator.swift */,
			);
			path = RandomPokemonNumberGenrator;
			sourceTree = "<group>";
		};
		53DC8CE6E1CB067F78FE6A5D /* App */ = {
			isa = PBXGroup;
			children = (
				37A70028CCB6EFAD02B6A930 /* Assets.xcassets */,
			);
			path = App;
			sourceTree = "<group>";
		};
		54813D4F317A0513119E65E0 /* Response */ = {
			isa = PBXGroup;
			children = (
				1E0C6F54E9507BBC116DFC78 /* ItemDetailResponse.swift */,
			);
			path = Response;
			sourceTree = "<group>";
		};
		584B15FB74CF544E5A557B41 /* Pokedex */ = {
			isa = PBXGroup;
			children = (
				70AD3D70F9F2DBC64B8B21B6 /* AppDelegate.swift */,
				706C8C89A5209E073918A5AE /* Info.plist */,
				A731D9C22186CF5D841CF260 /* LaunchScreen.storyboard */,
				BC79E045F031762702073DE4 /* SceneDelegate.swift */,
				2A8127D16D93C8E7269D09DC /* PokedexActivity */,
				A3CB6FEB101CFA1F10EB1C7F /* Resource */,
			);
			path = Pokedex;
			sourceTree = "<group>";
		};
		5FA58FF4162667B66110BB5D /* PokemonSpecies */ = {
			isa = PBXGroup;
			children = (
				E129898D2B65FB5E1C2EE6D6 /* Translator */,
				0041984DA57F45092A2544B9 /* UseCase */,
			);
			path = PokemonSpecies;
			sourceTree = "<group>";
		};
		6734576D197AF9063C36E856 /* View */ = {
			isa = PBXGroup;
			children = (
				8135ED8B0A62D90D7A06A55B /* MainInterface.storyboard */,
				2DC17C22B92AC68BE0AA1023 /* TodayViewController.swift */,
			);
			path = View;
			sourceTree = "<group>";
		};
		6A743092952D412DADC44864 /* Extension */ = {
			isa = PBXGroup;
			children = (
				C98B55CF32C3FA0E2906CD0D /* UIImageView+.swift */,
			);
			path = Extension;
			sourceTree = "<group>";
		};
		6E73FD5AEEECE5856885DD57 /* UseCase */ = {
			isa = PBXGroup;
			children = (
				09298A50B72715C6BE774DB7 /* PokemonListUseCaseTests.swift */,
			);
			path = UseCase;
			sourceTree = "<group>";
		};
		710F3472CEC2702EFF31050D /* UseCase */ = {
			isa = PBXGroup;
			children = (
				09F07A45CA86EDC6952BC829 /* EvolutionChainUseCaseTests.swift */,
			);
			path = UseCase;
			sourceTree = "<group>";
		};
		742575CAC3EE3EC73D213654 /* DataStore */ = {
			isa = PBXGroup;
			children = (
				787CBB5AA3EDCE29151B32CE /* Repository */,
			);
			path = DataStore;
			sourceTree = "<group>";
		};
		787CBB5AA3EDCE29151B32CE /* Repository */ = {
			isa = PBXGroup;
			children = (
				DF7F143A31B6506B337AE1AF /* EvolutionChain */,
				E8C3D744EB13E9F4C1150303 /* ItemDetail */,
				FB2D093D304800B166F03D5A /* ItemList */,
				444C2BBF6D2297ED43A6EE15 /* PokemonDetail */,
				8E92763F4782CD90D369560D /* PokemonList */,
				FE535E4BD96BEBB7C4F49C23 /* PokemonSpecies */,
			);
			path = Repository;
			sourceTree = "<group>";
		};
		80F3C287286DB5B600C39484 /* Packages */ = {
			isa = PBXGroup;
			children = (
				80F3C289286DB6A700C39484 /* DataStore */,
				80F3C28A286DB8C300C39484 /* Domain */,
				80F3C28B286DB96C00C39484 /* Presentation */,
			);
			name = Packages;
			sourceTree = "<group>";
		};
		82B7C262C7C5831D57189C44 /* DataStore */ = {
			isa = PBXGroup;
			children = (
				EACFA710FFFF5D24FE76FA06 /* EvolutionChain */,
				F4B5F617AF979D786533856C /* ItemDetail */,
				127773AE4AB217E1E6C417BC /* ItemList */,
				FCCA293A48CE63855C783320 /* PokemonDetail */,
				EF9504A06114AAB7B16E27AD /* PokemonList */,
				9A253AB1F64260C3874A8017 /* PokemonSpecies */,
			);
			path = DataStore;
			sourceTree = "<group>";
		};
		8E92763F4782CD90D369560D /* PokemonList */ = {
			isa = PBXGroup;
			children = (
				7A00D5203710BB2EFB240D29 /* PokemonListRepositoryTests.swift */,
			);
			path = PokemonList;
			sourceTree = "<group>";
		};
		936FE2FC7991D6F046C672E2 /* json */ = {
			isa = PBXGroup;
			children = (
				B864CEA9ADCC5BFECFE8411F /* PokemonList.json */,
			);
			path = json;
			sourceTree = "<group>";
		};
		93757752A932D5FD2728F318 /* Domain */ = {
			isa = PBXGroup;
			children = (
				0294F8FDC463C440EE187A62 /* EvolutionChain */,
				DF6167932B03720CFCCEBEA9 /* Generator */,
				383667A3FC281EAAEFE88609 /* ItemDetail */,
				39C003312127534285967499 /* ItemList */,
				C1977A1AAAD6A0ECE1D4F9FB /* Model */,
				94C0E1CAE567EA492733BBAE /* PokemonDetail */,
				483AE5BE38024F39B7CE80DF /* PokemonList */,
				5FA58FF4162667B66110BB5D /* PokemonSpecies */,
			);
			path = Domain;
			sourceTree = "<group>";
		};
		9406DFF6DAA974D89CA16116 /* PokedexTests */ = {
			isa = PBXGroup;
			children = (
				53456AC2EDABF52737178128 /* Info.plist */,
				742575CAC3EE3EC73D213654 /* DataStore */,
				93757752A932D5FD2728F318 /* Domain */,
				386442B503A199E541B719CB /* Generated */,
				9588AB57B9D73C507041D744 /* Presentation */,
				D0F01F55EDCC0120FBC442DF /* Stub */,
				D1F10D9791577C81C12F71C5 /* Util */,
			);
			path = PokedexTests;
			sourceTree = "<group>";
		};
		94C0E1CAE567EA492733BBAE /* PokemonDetail */ = {
			isa = PBXGroup;
			children = (
				09577F135F52637860DB3E85 /* Translator */,
				37FCCE244F870597BCAB7E76 /* UseCase */,
			);
			path = PokemonDetail;
			sourceTree = "<group>";
		};
		94C6FD7370782A75F7FD587D /* UseCase */ = {
			isa = PBXGroup;
			children = (
				19C5653B25568D0541D18696 /* ItemDetailUseCaseTests.swift */,
			);
			path = UseCase;
			sourceTree = "<group>";
		};
		9588AB57B9D73C507041D744 /* Presentation */ = {
			isa = PBXGroup;
			children = (
				3F904D16795A38E9990B2052 /* EvolutionChain */,
				B21A472D360335390CD17DEA /* ItemDetail */,
				1A49DC61E0C35DD9031C5165 /* ItemList */,
				2999181291A3B62B65C4E2ED /* PokemonDetail */,
				C77962439FC397717C32B1E8 /* PokemonList */,
			);
			path = Presentation;
			sourceTree = "<group>";
		};
		9A253AB1F64260C3874A8017 /* PokemonSpecies */ = {
			isa = PBXGroup;
			children = (
				D45F3C7A72DD43A14461F284 /* json */,
				344C72CC2616080BAB996119 /* Response */,
			);
			path = PokemonSpecies;
			sourceTree = "<group>";
		};
		9B612A1B9DE79EA83E7C773E /* Translator */ = {
			isa = PBXGroup;
			children = (
				A1362ADF0518479A844C8BF9 /* PokemonListTranslatorTests.swift */,
			);
			path = Translator;
			sourceTree = "<group>";
		};
		9CE3707D54CF150E5B83532A /* Lisence */ = {
			isa = PBXGroup;
			children = (
				A51E1AE610EDDE81584B3B6D /* Settings.bundle */,
			);
			path = Lisence;
			sourceTree = "<group>";
		};
		9D45B3A70CE1451C3CD52E04 /* Domain */ = {
			isa = PBXGroup;
			children = (
				BEDC907F46F2FFC90B344D01 /* Model */,
			);
			path = Domain;
			sourceTree = "<group>";
		};
		A3CB6FEB101CFA1F10EB1C7F /* Resource */ = {
			isa = PBXGroup;
			children = (
				53DC8CE6E1CB067F78FE6A5D /* App */,
				0423790816B3E7D97B936409 /* Firebase */,
				9CE3707D54CF150E5B83532A /* Lisence */,
				2CA5100B357A92F96D88578F /* Sprite */,
			);
			path = Resource;
			sourceTree = "<group>";
		};
		A43B88FF79C663B070A01144 /* Utility */ = {
			isa = PBXGroup;
			children = (
				6A743092952D412DADC44864 /* Extension */,
				4BE38EDD0A479927CA807169 /* RandomPokemonNumberGenrator */,
			);
			path = Utility;
			sourceTree = "<group>";
		};
		AF1ACE97E2CFA5F4CEB613FC /* Translator */ = {
			isa = PBXGroup;
			children = (
				320A4DAC86049EBF2290353A /* ItemDetailTranslatorTests.swift */,
			);
			path = Translator;
			sourceTree = "<group>";
		};
		B21A472D360335390CD17DEA /* ItemDetail */ = {
			isa = PBXGroup;
			children = (
				C032817EEDE5398455253338 /* ItemDetailPresenterTests.swift */,
			);
			path = ItemDetail;
			sourceTree = "<group>";
		};
		B8580F5A6C13CE2FEEF0AE4B /* Resource */ = {
			isa = PBXGroup;
			children = (
				557DEA34F84ADEA3C205241F /* Media.xcassets */,
			);
			path = Resource;
			sourceTree = "<group>";
		};
		B95D647BC11BDA219AC2C9AC /* json */ = {
			isa = PBXGroup;
			children = (
				001C8246C2AF28C9813E1882 /* ItemList.json */,
			);
			path = json;
			sourceTree = "<group>";
		};
		BB137747526499C9B1069B8C /* UseCase */ = {
			isa = PBXGroup;
			children = (
				80C2FA648D19BBA688510A3B /* ItemListUseCaseTests.swift */,
			);
			path = UseCase;
			sourceTree = "<group>";
		};
		BB298A0524B67E79CE43A5B0 /* PokemonDetail */ = {
			isa = PBXGroup;
			children = (
				780D07B032ADF2CB10FF9326 /* PokemonDetailModel.swift */,
			);
			path = PokemonDetail;
			sourceTree = "<group>";
		};
		BEDC907F46F2FFC90B344D01 /* Model */ = {
			isa = PBXGroup;
			children = (
				DDD26CE0D79E81A22D794656 /* Common */,
				4297D36D54F04104CB033AFF /* EvolutionChain */,
				D67BB0A305C7CEC3C01F16E8 /* ItemDetail */,
				E76435B88E98B811642DF533 /* ItemList */,
				BB298A0524B67E79CE43A5B0 /* PokemonDetail */,
				E4F1D1E9AF3D421B4083EC62 /* PokemonList */,
				D2A0B449C05CCA636767808E /* PokemonSpecies */,
			);
			path = Model;
			sourceTree = "<group>";
		};
		C1977A1AAAD6A0ECE1D4F9FB /* Model */ = {
			isa = PBXGroup;
			children = (
				080CAE2896FC5DD49EE5ACE9 /* PokemonStatus */,
				23D12BD9E21172FB08304807 /* PokemonType */,
				284879D4DF913E1DA4691D84 /* UrlScheme */,
			);
			path = Model;
			sourceTree = "<group>";
		};
		C77962439FC397717C32B1E8 /* PokemonList */ = {
			isa = PBXGroup;
			children = (
				E3B70244162A87961E6ADF59 /* PokemonListPresenterTests.swift */,
			);
			path = PokemonList;
			sourceTree = "<group>";
		};
		CA1BFF45485C84F7D868512D = {
			isa = PBXGroup;
			children = (
				80F3C287286DB5B600C39484 /* Packages */,
				CD0DC1DD7653611A10282CAE /* Configs */,
				584B15FB74CF544E5A557B41 /* Pokedex */,
				9406DFF6DAA974D89CA16116 /* PokedexTests */,
				2652725931623A3A6DF15D93 /* QuizTodayExtension */,
				FC9713B8EFDCA40EF20B344C /* Frameworks */,
				CD7879169A7D11E3C86BF4B8 /* Products */,
			);
			sourceTree = "<group>";
		};
		CD0DC1DD7653611A10282CAE /* Configs */ = {
			isa = PBXGroup;
			children = (
				C0E4F7BB17A3353813A65BB6 /* Adhoc.xcconfig */,
				C1F36AA799E18EDE40A91750 /* Debug.xcconfig */,
				F593396ADD260CCD50DAE7F9 /* Release.xcconfig */,
			);
			path = Configs;
			sourceTree = "<group>";
		};
		CD7879169A7D11E3C86BF4B8 /* Products */ = {
			isa = PBXGroup;
			children = (
				232BDFE5DBA68B07E07B5C18 /* Pokedex.app */,
				B5B0859B5CF65551850697D6 /* PokedexTests.xctest */,
				31B5EEC40BE8B9151E4ABFA1 /* QuizTodayExtension.appex */,
			);
			name = Products;
			sourceTree = "<group>";
		};
		D0F01F55EDCC0120FBC442DF /* Stub */ = {
			isa = PBXGroup;
			children = (
				82B7C262C7C5831D57189C44 /* DataStore */,
				9D45B3A70CE1451C3CD52E04 /* Domain */,
				1E6EA23E8DE1061A52E75645 /* Error */,
			);
			path = Stub;
			sourceTree = "<group>";
		};
		D1F10D9791577C81C12F71C5 /* Util */ = {
			isa = PBXGroup;
			children = (
				EC70BACFD339D7C63A21E334 /* JsonParser */,
			);
			path = Util;
			sourceTree = "<group>";
		};
		D2A0B449C05CCA636767808E /* PokemonSpecies */ = {
			isa = PBXGroup;
			children = (
				F9A78BCDF5235297E3B4B25B /* PokemonSpeciesModel.swift */,
			);
			path = PokemonSpecies;
			sourceTree = "<group>";
		};
		D2D19ADF1785D8E33C492D9F /* json */ = {
			isa = PBXGroup;
			children = (
				83F2607D9E1ABD0F59FA1BB2 /* PokemonDetail_Bulbasaur.json */,
				A1FE74E03B5EA945DF30E941 /* PokemonDetail_Clefable.json */,
				2FD7722BB45A1A66852D3156 /* PokemonDetail_Zeraora.json */,
			);
			path = json;
			sourceTree = "<group>";
		};
		D45F3C7A72DD43A14461F284 /* json */ = {
			isa = PBXGroup;
			children = (
				E3652FF1F4E2E8CB6283830F /* PokemonSpecies-Bulbasaur.json */,
			);
			path = json;
			sourceTree = "<group>";
		};
		D67BB0A305C7CEC3C01F16E8 /* ItemDetail */ = {
			isa = PBXGroup;
			children = (
				6F982B31F2AFC00AB6EF568A /* ItemDetailModel.swift */,
			);
			path = ItemDetail;
			sourceTree = "<group>";
		};
		D893FA4790320855B31FD0F7 /* json */ = {
			isa = PBXGroup;
			children = (
				FC770454AA87E4604015C30F /* EvolutionChain_Bulbasaur.json */,
				47C452A28B51281D0701221C /* EvolutionChain_Eevee.json */,
				3404D349ED5D39AC5AF271B8 /* EvolutionChain_Kangaskhan.json */,
			);
			path = json;
			sourceTree = "<group>";
		};
		DDD26CE0D79E81A22D794656 /* Common */ = {
			isa = PBXGroup;
			children = (
				C3BDC25442108E8A9AD0C9A2 /* Item.swift */,
				F93E79EDBBC991D05C85CACB /* Pokemon.swift */,
			);
			path = Common;
			sourceTree = "<group>";
		};
		DF6167932B03720CFCCEBEA9 /* Generator */ = {
			isa = PBXGroup;
			children = (
				1DBB28EA2F69A498068C735D /* PokemonNumberGeneratorTests.swift */,
			);
			path = Generator;
			sourceTree = "<group>";
		};
		DF7F143A31B6506B337AE1AF /* EvolutionChain */ = {
			isa = PBXGroup;
			children = (
				59C277FA3900EB80304DB75D /* EvolutionChainRepositoryTests.swift */,
			);
			path = EvolutionChain;
			sourceTree = "<group>";
		};
		E129898D2B65FB5E1C2EE6D6 /* Translator */ = {
			isa = PBXGroup;
			children = (
				08823EF73CA3CC4A6829F75C /* PokemonSpeciesTranslatorTests.swift */,
			);
			path = Translator;
			sourceTree = "<group>";
		};
		E3E17BC448CA7631E54B963B /* Translator */ = {
			isa = PBXGroup;
			children = (
				4F187260CC8642B959AAF022 /* ItemListTranslatorTests.swift */,
			);
			path = Translator;
			sourceTree = "<group>";
		};
		E4F1D1E9AF3D421B4083EC62 /* PokemonList */ = {
			isa = PBXGroup;
			children = (
				48A307D7115C060217D5A35B /* PokemonListModel.swift */,
			);
			path = PokemonList;
			sourceTree = "<group>";
		};
		E76435B88E98B811642DF533 /* ItemList */ = {
			isa = PBXGroup;
			children = (
				E5E14F4B75F1D2828C6E6CD0 /* ItemListModel.swift */,
			);
			path = ItemList;
			sourceTree = "<group>";
		};
		E8C3D744EB13E9F4C1150303 /* ItemDetail */ = {
			isa = PBXGroup;
			children = (
				581FDC0539032C0EBF237A5D /* ItemDetailRepositoryTests.swift */,
			);
			path = ItemDetail;
			sourceTree = "<group>";
		};
		EACFA710FFFF5D24FE76FA06 /* EvolutionChain */ = {
			isa = PBXGroup;
			children = (
				D893FA4790320855B31FD0F7 /* json */,
				3F755B53EA7347C83712064E /* Response */,
			);
			path = EvolutionChain;
			sourceTree = "<group>";
		};
		EC70BACFD339D7C63A21E334 /* JsonParser */ = {
			isa = PBXGroup;
			children = (
				FF4A8E449A06D5F0D084ABA0 /* JsonParser.swift */,
			);
			path = JsonParser;
			sourceTree = "<group>";
		};
		EF9504A06114AAB7B16E27AD /* PokemonList */ = {
			isa = PBXGroup;
			children = (
				936FE2FC7991D6F046C672E2 /* json */,
				3E4E64F995F598B8DA6FEE58 /* Response */,
			);
			path = PokemonList;
			sourceTree = "<group>";
		};
		F4B5F617AF979D786533856C /* ItemDetail */ = {
			isa = PBXGroup;
			children = (
				4B22089B4A88DEC1478F2E34 /* json */,
				54813D4F317A0513119E65E0 /* Response */,
			);
			path = ItemDetail;
			sourceTree = "<group>";
		};
		FB2D093D304800B166F03D5A /* ItemList */ = {
			isa = PBXGroup;
			children = (
				AEDA40771778CCB0553E9F0E /* ItemListRepositoryTests.swift */,
			);
			path = ItemList;
			sourceTree = "<group>";
		};
		FC9713B8EFDCA40EF20B344C /* Frameworks */ = {
			isa = PBXGroup;
			children = (
				DB1F60CC1CCD18871699896F /* NotificationCenter.framework */,
			);
			name = Frameworks;
			sourceTree = "<group>";
		};
		FCCA293A48CE63855C783320 /* PokemonDetail */ = {
			isa = PBXGroup;
			children = (
				D2D19ADF1785D8E33C492D9F /* json */,
				3147208FC90904B0893FE220 /* Response */,
			);
			path = PokemonDetail;
			sourceTree = "<group>";
		};
		FE535E4BD96BEBB7C4F49C23 /* PokemonSpecies */ = {
			isa = PBXGroup;
			children = (
				F8A3B444F69FAE3B370A55C3 /* PokemonSpeciesRepository.swift */,
			);
			path = PokemonSpecies;
			sourceTree = "<group>";
		};
		FFB6C9A5AC178E7184F3202A /* Response */ = {
			isa = PBXGroup;
			children = (
				309ABBC3DE8739E6DBFAFEB2 /* ItemListResponse.swift */,
			);
			path = Response;
			sourceTree = "<group>";
		};
/* End PBXGroup section */

/* Begin PBXNativeTarget section */
		4A032085E6812CECD300D05D /* QuizTodayExtension */ = {
			isa = PBXNativeTarget;
			buildConfigurationList = 8E802DFF7F1313A8FB7E8AAE /* Build configuration list for PBXNativeTarget "QuizTodayExtension" */;
			buildPhases = (
				31A2D745C94E6B1F476F1D3E /* Sources */,
				AC0D9693E3796DEC9108D122 /* Resources */,
				E0F51CB7BA37D7D166800520 /* Frameworks */,
			);
			buildRules = (
			);
			dependencies = (
			);
			name = QuizTodayExtension;
			packageProductDependencies = (
				80C8C5ED286DC6CC001B05DC /* Domain */,
				80C8C5EF286DC6CC001B05DC /* Nuke */,
			);
			productName = QuizTodayExtension;
			productReference = 31B5EEC40BE8B9151E4ABFA1 /* QuizTodayExtension.appex */;
			productType = "com.apple.product-type.app-extension";
		};
		ABBE02B7E7ABD7CC748EF15C /* PokedexTests */ = {
			isa = PBXNativeTarget;
			buildConfigurationList = 87663DF4A16F4319ACC569C0 /* Build configuration list for PBXNativeTarget "PokedexTests" */;
			buildPhases = (
				CA886C8D2E69DF5BF161F252 /* Sources */,
				4F71B9E3023EE841A8ECE2E3 /* Resources */,
			);
			buildRules = (
			);
			dependencies = (
				BA3DCB7CA8B148877E4B4515 /* PBXTargetDependency */,
			);
			name = PokedexTests;
			productName = PokedexTests;
			productReference = B5B0859B5CF65551850697D6 /* PokedexTests.xctest */;
			productType = "com.apple.product-type.bundle.unit-test";
		};
		D8AADF6CAE729A3D698F1F37 /* Pokedex */ = {
			isa = PBXNativeTarget;
			buildConfigurationList = BD8DFB74652680E911DF0378 /* Build configuration list for PBXNativeTarget "Pokedex" */;
			buildPhases = (
				B243032FD35329282E6C881F /* Sources */,
				C3331C60F150C4D13E161725 /* Resources */,
				1734804CF83B1A5BEAD73B75 /* Frameworks */,
				E345BE1B3348535DA81EB82F /* Embed App Extensions */,
				B91BA33C85934BAA97051A7D /* Embed Frameworks */,
				D2A0EC706AD10722039D8B0D /* Run SwiftLint */,
			);
			buildRules = (
			);
			dependencies = (
				27FE736D89490252C2E04B34 /* PBXTargetDependency */,
			);
			name = Pokedex;
			productName = Pokedex;
			productReference = 232BDFE5DBA68B07E07B5C18 /* Pokedex.app */;
			productType = "com.apple.product-type.application";
		};
/* End PBXNativeTarget section */

/* Begin PBXProject section */
		06510187501688BCA6CB4E60 /* Project object */ = {
			isa = PBXProject;
			attributes = {
				LastUpgradeCheck = 1200;
				TargetAttributes = {
					4A032085E6812CECD300D05D = {
						DevelopmentTeam = NG4PAUE398;
					};
					D8AADF6CAE729A3D698F1F37 = {
						DevelopmentTeam = NG4PAUE398;
						ProvisioningStyle = Manual;
					};
				};
			};
			buildConfigurationList = 9939347F5639D6C0831D9968 /* Build configuration list for PBXProject "Pokedex" */;
			compatibilityVersion = "Xcode 10.0";
			developmentRegion = en;
			hasScannedForEncodings = 0;
			knownRegions = (
				Base,
				en,
			);
			mainGroup = CA1BFF45485C84F7D868512D;
			packageReferences = (
				549EBF07C2C7F9698FFAFB2D /* XCRemoteSwiftPackageReference "Alamofire" */,
				423AEEAE88F9E999C7F09338 /* XCRemoteSwiftPackageReference "Nuke" */,
			);
			projectDirPath = "";
			projectRoot = "";
			targets = (
				D8AADF6CAE729A3D698F1F37 /* Pokedex */,
				ABBE02B7E7ABD7CC748EF15C /* PokedexTests */,
				4A032085E6812CECD300D05D /* QuizTodayExtension */,
			);
		};
/* End PBXProject section */

/* Begin PBXResourcesBuildPhase section */
		4F71B9E3023EE841A8ECE2E3 /* Resources */ = {
			isa = PBXResourcesBuildPhase;
			buildActionMask = 2147483647;
			files = (
				4570144F9EF8C88256450277 /* EvolutionChain_Bulbasaur.json in Resources */,
				0D0559F7E5549F6716344F07 /* EvolutionChain_Eevee.json in Resources */,
				BF8480070592B91D771D0B05 /* EvolutionChain_Kangaskhan.json in Resources */,
				1D1D5A0816D98E44D1A7268E /* ItemDetail-Masterball.json in Resources */,
				E0DECF348F78F9932AC4DAF8 /* ItemList.json in Resources */,
				C660228C02FC82A67B3A74C1 /* PokemonDetail_Bulbasaur.json in Resources */,
				58F6C056568EAA305937E647 /* PokemonDetail_Clefable.json in Resources */,
				AC93C69AB65CF0A5DFB04BD1 /* PokemonDetail_Zeraora.json in Resources */,
				82BC5D85DB679BB04536167C /* PokemonList.json in Resources */,
				67851F558BDBF10DDDF493F5 /* PokemonSpecies-Bulbasaur.json in Resources */,
			);
			runOnlyForDeploymentPostprocessing = 0;
		};
		AC0D9693E3796DEC9108D122 /* Resources */ = {
			isa = PBXResourcesBuildPhase;
			buildActionMask = 2147483647;
			files = (
				7DFA8BFB0D2109456D2FEAED /* MainInterface.storyboard in Resources */,
				6C1A89F8A499487C78407D4A /* Media.xcassets in Resources */,
			);
			runOnlyForDeploymentPostprocessing = 0;
		};
		C3331C60F150C4D13E161725 /* Resources */ = {
			isa = PBXResourcesBuildPhase;
			buildActionMask = 2147483647;
			files = (
				56B1DBDDC15426AFFA2506D2 /* Assets.xcassets in Resources */,
				48F23D8D4227C14D530FACDB /* Assets.xcassets in Resources */,
				543A156A6C6369BEB03310A5 /* GoogleService-Info_Adhoc.plist in Resources */,
				100040157674E597705CDD9F /* GoogleService-Info_Debug.plist in Resources */,
				614E15A559DA2E0C84035DFD /* GoogleService-Info_Release.plist in Resources */,
				487CB22C4A0497AB7FDBA331 /* LaunchScreen.storyboard in Resources */,
				DA255AAA88117DE330B9B140 /* Settings.bundle in Resources */,
				4DB8D6921B9F233011FE4A1F /* appearPokemon.sks in Resources */,
			);
			runOnlyForDeploymentPostprocessing = 0;
		};
/* End PBXResourcesBuildPhase section */

/* Begin PBXShellScriptBuildPhase section */
		D2A0EC706AD10722039D8B0D /* Run SwiftLint */ = {
			isa = PBXShellScriptBuildPhase;
			buildActionMask = 2147483647;
			files = (
			);
			inputFileListPaths = (
			);
			inputPaths = (
			);
			name = "Run SwiftLint";
			outputFileListPaths = (
			);
			outputPaths = (
			);
			runOnlyForDeploymentPostprocessing = 0;
			shellPath = /bin/sh;
			shellScript = "if which mint >/dev/null; then\n  mint run swiftlint swiftlint autocorrect --format\n  mint run swiftlint swiftlint\nelse\n  echo \"warning: Mint not installed, download from https://github.com/yonaskolb/Mint\"\nfi\n";
		};
/* End PBXShellScriptBuildPhase section */

/* Begin PBXSourcesBuildPhase section */
		31A2D745C94E6B1F476F1D3E /* Sources */ = {
			isa = PBXSourcesBuildPhase;
			buildActionMask = 2147483647;
			files = (
				901EF6C591D57EAAE5159422 /* RandomPokemonNumberGenrator.swift in Sources */,
				16237BDEAB80425EE9033098 /* TodayViewController.swift in Sources */,
				99EF2511C06491A86ADAE516 /* UIImageView+.swift in Sources */,
			);
			runOnlyForDeploymentPostprocessing = 0;
		};
		B243032FD35329282E6C881F /* Sources */ = {
			isa = PBXSourcesBuildPhase;
			buildActionMask = 2147483647;
			files = (
				B09044356637969C49765806 /* AppDelegate.swift in Sources */,
				9D4ADEA24E7716BBCDE46B82 /* PokedexActivity.swift in Sources */,
				D11F1A2DD3E64C58CA69B398 /* SceneDelegate.swift in Sources */,
			);
			runOnlyForDeploymentPostprocessing = 0;
		};
		CA886C8D2E69DF5BF161F252 /* Sources */ = {
			isa = PBXSourcesBuildPhase;
			buildActionMask = 2147483647;
			files = (
				1EDBD7A5F907934B5480852D /* EvolutionChainModel.swift in Sources */,
				46B9F178ABC1E1895EA95C48 /* EvolutionChainPresenterTests.swift in Sources */,
				6F2184127A9439F33ABCD64F /* EvolutionChainRepositoryTests.swift in Sources */,
				6371D6F01791DEDCBE346B69 /* EvolutionChainResponse.swift in Sources */,
				796D74B494B5E966D441AAD2 /* EvolutionChainTranslatorTests.swift in Sources */,
				A8F71A20D554EB00FA59D3AE /* EvolutionChainUseCaseTests.swift in Sources */,
				56A26F84494BDFB4E88B0481 /* Item.swift in Sources */,
				1CC925CE2B0D9E79C0C2479B /* ItemDetailModel.swift in Sources */,
				9486B38F351483CA6AF4C4C0 /* ItemDetailPresenterTests.swift in Sources */,
				FAFB241C6000AD2115C9CDFB /* ItemDetailRepositoryTests.swift in Sources */,
				ABE8268BEA7D1F2D38735722 /* ItemDetailResponse.swift in Sources */,
				144723F992B2A6476D1DBEF0 /* ItemDetailTranslatorTests.swift in Sources */,
				B9AC3497E0E5833BFCC52374 /* ItemDetailUseCaseTests.swift in Sources */,
				D4A6573933DBA4FBEB791E1B /* ItemListModel.swift in Sources */,
				FB54F5B97404666E713175CC /* ItemListPresenterTests.swift in Sources */,
				68F829F7CEAA6AEA62B67BB1 /* ItemListRepositoryTests.swift in Sources */,
				4692375C606DFF43DBF0169B /* ItemListResponse.swift in Sources */,
				E8D2D60569CF866180443721 /* ItemListTranslatorTests.swift in Sources */,
				05A548661EA0E55A13F54B09 /* ItemListUseCaseTests.swift in Sources */,
				776388AB92CBB060BBC4F480 /* JsonParser.swift in Sources */,
				69404B319BE8D5E011EEC7B8 /* MockResults.swift in Sources */,
				7A9B853C6D3BBBBA9E14FA74 /* Pokemon.swift in Sources */,
				33E3D66064F8B5046AB731EB /* PokemonDetailModel.swift in Sources */,
				891A92DC5C8504DB056C73E3 /* PokemonDetailPresenterTests.swift in Sources */,
				05D6A48693C26BCFBD5A9CF0 /* PokemonDetailRepositoryTests.swift in Sources */,
				D4D08C1A3FFA4AC874E47CD4 /* PokemonDetailResponse.swift in Sources */,
				26343A781459DD44A849795B /* PokemonDetailTranslatorTests.swift in Sources */,
				E7121E4FEBE9166D9DF0F0D0 /* PokemonDetailUseCaseTests.swift in Sources */,
				378EDAD62E1F279C39B675A6 /* PokemonListModel.swift in Sources */,
				84178F0A34AB962BEEBED535 /* PokemonListPresenterTests.swift in Sources */,
				9DBDD30CD4D7D8AE21682AFB /* PokemonListRepositoryTests.swift in Sources */,
				D62012073EBB43E05644B661 /* PokemonListResponse.swift in Sources */,
				CDFE4B4FD812C5C261260979 /* PokemonListTranslatorTests.swift in Sources */,
				B3FE91CBD284CCD21F9B1027 /* PokemonListUseCaseTests.swift in Sources */,
				C2CBA58A787F1A68219BFC0A /* PokemonNumberGeneratorTests.swift in Sources */,
				4682B5B8EC50DCE50EBC3300 /* PokemonSpeciesModel.swift in Sources */,
				F6C9DCD3F8F841F84FF85A78 /* PokemonSpeciesRepository.swift in Sources */,
				5F98CFBF27E7D54E18A73339 /* PokemonSpeciesResponse.swift in Sources */,
				6BAFD9739835D96CD4B8910D /* PokemonSpeciesTranslatorTests.swift in Sources */,
				1BA63AD09BA1FEF3C533183C /* PokemonSpeciesUseCaseTests.swift in Sources */,
				21BC8ED57B19BF275DCD5963 /* PokemonStatusTests.swift in Sources */,
				F9BBE301113FEDE85EC46B8C /* PokemonTypeTests.swift in Sources */,
				C1C066CE1BEB1867BDD2124C /* TestError.swift in Sources */,
				11B9CC537D1D6A7EBF8C4089 /* UrlSchemeTests.swift in Sources */,
			);
			runOnlyForDeploymentPostprocessing = 0;
		};
/* End PBXSourcesBuildPhase section */

/* Begin PBXTargetDependency section */
		27FE736D89490252C2E04B34 /* PBXTargetDependency */ = {
			isa = PBXTargetDependency;
			target = 4A032085E6812CECD300D05D /* QuizTodayExtension */;
			targetProxy = EB799EAD7C5F61A042F68664 /* PBXContainerItemProxy */;
		};
		BA3DCB7CA8B148877E4B4515 /* PBXTargetDependency */ = {
			isa = PBXTargetDependency;
			target = D8AADF6CAE729A3D698F1F37 /* Pokedex */;
			targetProxy = BC26EF720DF286CF99580F30 /* PBXContainerItemProxy */;
		};
/* End PBXTargetDependency section */

/* Begin PBXVariantGroup section */
		8135ED8B0A62D90D7A06A55B /* MainInterface.storyboard */ = {
			isa = PBXVariantGroup;
			children = (
				B3C84201AA37EFDC55B1EDF0 /* Base */,
			);
			name = MainInterface.storyboard;
			sourceTree = "<group>";
		};
		A731D9C22186CF5D841CF260 /* LaunchScreen.storyboard */ = {
			isa = PBXVariantGroup;
			children = (
				A8D1E7D569AF8E23B9C5D4E2 /* Base */,
			);
			name = LaunchScreen.storyboard;
			sourceTree = "<group>";
		};
/* End PBXVariantGroup section */

/* Begin XCBuildConfiguration section */
		0B877141A0D75BDE552C8679 /* Debug */ = {
			isa = XCBuildConfiguration;
			buildSettings = {
				BUNDLE_LOADER = "$(TEST_HOST)";
				INFOPLIST_FILE = PokedexTests/Info.plist;
				LD_RUNPATH_SEARCH_PATHS = (
					"$(inherited)",
					"@executable_path/Frameworks",
					"@loader_path/Frameworks",
				);
				SDKROOT = iphoneos;
				TARGETED_DEVICE_FAMILY = "1,2";
				TEST_HOST = "$(BUILT_PRODUCTS_DIR)/Pokedex.app/Pokedex";
			};
			name = Debug;
		};
		0B8EE91984B1D5B6BB33A663 /* Debug */ = {
			isa = XCBuildConfiguration;
			baseConfigurationReference = C1F36AA799E18EDE40A91750 /* Debug.xcconfig */;
			buildSettings = {
				ALWAYS_SEARCH_USER_PATHS = NO;
				CLANG_ANALYZER_NONNULL = YES;
				CLANG_ANALYZER_NUMBER_OBJECT_CONVERSION = YES_AGGRESSIVE;
				CLANG_CXX_LANGUAGE_STANDARD = "gnu++14";
				CLANG_CXX_LIBRARY = "libc++";
				CLANG_ENABLE_MODULES = YES;
				CLANG_ENABLE_OBJC_ARC = YES;
				CLANG_ENABLE_OBJC_WEAK = YES;
				CLANG_WARN_BLOCK_CAPTURE_AUTORELEASING = YES;
				CLANG_WARN_BOOL_CONVERSION = YES;
				CLANG_WARN_COMMA = YES;
				CLANG_WARN_CONSTANT_CONVERSION = YES;
				CLANG_WARN_DEPRECATED_OBJC_IMPLEMENTATIONS = YES;
				CLANG_WARN_DIRECT_OBJC_ISA_USAGE = YES_ERROR;
				CLANG_WARN_DOCUMENTATION_COMMENTS = YES;
				CLANG_WARN_EMPTY_BODY = YES;
				CLANG_WARN_ENUM_CONVERSION = YES;
				CLANG_WARN_INFINITE_RECURSION = YES;
				CLANG_WARN_INT_CONVERSION = YES;
				CLANG_WARN_NON_LITERAL_NULL_CONVERSION = YES;
				CLANG_WARN_OBJC_IMPLICIT_RETAIN_SELF = YES;
				CLANG_WARN_OBJC_LITERAL_CONVERSION = YES;
				CLANG_WARN_OBJC_ROOT_CLASS = YES_ERROR;
				CLANG_WARN_QUOTED_INCLUDE_IN_FRAMEWORK_HEADER = YES;
				CLANG_WARN_RANGE_LOOP_ANALYSIS = YES;
				CLANG_WARN_STRICT_PROTOTYPES = YES;
				CLANG_WARN_SUSPICIOUS_MOVE = YES;
				CLANG_WARN_UNGUARDED_AVAILABILITY = YES_AGGRESSIVE;
				CLANG_WARN_UNREACHABLE_CODE = YES;
				CLANG_WARN__DUPLICATE_METHOD_MATCH = YES;
				COPY_PHASE_STRIP = NO;
				DEBUG_INFORMATION_FORMAT = dwarf;
				ENABLE_STRICT_OBJC_MSGSEND = YES;
				GCC_C_LANGUAGE_STANDARD = gnu11;
				GCC_DYNAMIC_NO_PIC = NO;
				GCC_NO_COMMON_BLOCKS = YES;
				GCC_OPTIMIZATION_LEVEL = 0;
				GCC_PREPROCESSOR_DEFINITIONS = (
					"$(inherited)",
					"DEBUG=1",
				);
				GCC_WARN_64_TO_32_BIT_CONVERSION = YES;
				GCC_WARN_ABOUT_RETURN_TYPE = YES_ERROR;
				GCC_WARN_UNDECLARED_SELECTOR = YES;
				GCC_WARN_UNINITIALIZED_AUTOS = YES_AGGRESSIVE;
				GCC_WARN_UNUSED_FUNCTION = YES;
				GCC_WARN_UNUSED_VARIABLE = YES;
				IPHONEOS_DEPLOYMENT_TARGET = 13.0;
				MTL_ENABLE_DEBUG_INFO = INCLUDE_SOURCE;
				MTL_FAST_MATH = YES;
				ONLY_ACTIVE_ARCH = YES;
				PRODUCT_NAME = "$(TARGET_NAME)";
				SDKROOT = iphoneos;
				SWIFT_ACTIVE_COMPILATION_CONDITIONS = DEBUG;
				SWIFT_VERSION = 5.0;
			};
			name = Debug;
		};
		170E6F0550EA0C42E63C290F /* Release */ = {
			isa = XCBuildConfiguration;
			buildSettings = {
				CODE_SIGN_IDENTITY = "Apple Distribution";
				DEVELOPMENT_TEAM = NG4PAUE398;
				INFOPLIST_FILE = QuizTodayExtension/Info.plist;
				LD_RUNPATH_SEARCH_PATHS = (
					"$(inherited)",
					"@executable_path/Frameworks",
					"@executable_path/../../Frameworks",
				);
				PRODUCT_BUNDLE_IDENTIFIER = TomosukeOkada.Pokedex.QuizTodayExtension;
				PROVISIONING_PROFILE_SPECIFIER = Pokedex.QuizTodayExtension;
				SDKROOT = iphoneos;
				TARGETED_DEVICE_FAMILY = "1,2";
			};
			name = Release;
		};
		2B46A2117B15EAD05A9FCB86 /* Debug */ = {
			isa = XCBuildConfiguration;
			buildSettings = {
				ASSETCATALOG_COMPILER_APPICON_NAME = AppIcon;
				CODE_SIGN_IDENTITY = "Apple Development";
				CODE_SIGN_STYLE = Manual;
				CURRENT_PROJECT_VERSION = 1;
				DEBUG_INFORMATION_FORMAT = dwarf;
				DEVELOPMENT_ASSET_PATHS = "";
				DEVELOPMENT_TEAM = NG4PAUE398;
				DISABLE_DIAMOND_PROBLEM_DIAGNOSTIC = YES;
				INFOPLIST_FILE = Pokedex/Info.plist;
				LD_RUNPATH_SEARCH_PATHS = (
					"$(inherited)",
					"@executable_path/Frameworks",
				);
				PROVISIONING_PROFILE_SPECIFIER = Pokedex.Debug;
				SDKROOT = iphoneos;
				SWIFT_VERSION = 5.0;
				TARGETED_DEVICE_FAMILY = "1,2";
			};
			name = Debug;
		};
		45E380F8840FE177AAB9B065 /* Adhoc */ = {
			isa = XCBuildConfiguration;
			buildSettings = {
				CODE_SIGN_IDENTITY = "Apple Distribution";
				DEVELOPMENT_TEAM = NG4PAUE398;
				INFOPLIST_FILE = QuizTodayExtension/Info.plist;
				LD_RUNPATH_SEARCH_PATHS = (
					"$(inherited)",
					"@executable_path/Frameworks",
					"@executable_path/../../Frameworks",
				);
				PRODUCT_BUNDLE_IDENTIFIER = TomosukeOkada.Pokedex.Adhoc.QuizTodayExtension;
				PROVISIONING_PROFILE_SPECIFIER = Pokedex.QuizTodayExtension.Adhoc;
				SDKROOT = iphoneos;
				TARGETED_DEVICE_FAMILY = "1,2";
			};
			name = Adhoc;
		};
		49CD5843100B2E1E905E37E1 /* Adhoc */ = {
			isa = XCBuildConfiguration;
			buildSettings = {
				BUNDLE_LOADER = "$(TEST_HOST)";
				INFOPLIST_FILE = PokedexTests/Info.plist;
				LD_RUNPATH_SEARCH_PATHS = (
					"$(inherited)",
					"@executable_path/Frameworks",
					"@loader_path/Frameworks",
				);
				SDKROOT = iphoneos;
				TARGETED_DEVICE_FAMILY = "1,2";
				TEST_HOST = "$(BUILT_PRODUCTS_DIR)/Pokedex.app/Pokedex";
			};
			name = Adhoc;
		};
		614C2CC86361B8848AC2D2B8 /* Debug */ = {
			isa = XCBuildConfiguration;
			buildSettings = {
				CODE_SIGN_IDENTITY = "Apple Development";
				DEVELOPMENT_TEAM = NG4PAUE398;
				INFOPLIST_FILE = QuizTodayExtension/Info.plist;
				LD_RUNPATH_SEARCH_PATHS = (
					"$(inherited)",
					"@executable_path/Frameworks",
					"@executable_path/../../Frameworks",
				);
				PRODUCT_BUNDLE_IDENTIFIER = TomosukeOkada.Pokedex.Debug.QuizTodayExtension;
				PROVISIONING_PROFILE_SPECIFIER = Pokedex.QuizTodayExtension.Debug;
				SDKROOT = iphoneos;
				TARGETED_DEVICE_FAMILY = "1,2";
			};
			name = Debug;
		};
		69B428B6D7B86E393757ED92 /* Release */ = {
			isa = XCBuildConfiguration;
			buildSettings = {
				ASSETCATALOG_COMPILER_APPICON_NAME = AppIcon;
				CODE_SIGN_IDENTITY = "Apple Distribution";
				CODE_SIGN_STYLE = Manual;
				CURRENT_PROJECT_VERSION = 1;
				DEBUG_INFORMATION_FORMAT = "dwarf-with-dsym";
				DEVELOPMENT_ASSET_PATHS = "";
				DEVELOPMENT_TEAM = NG4PAUE398;
				DISABLE_DIAMOND_PROBLEM_DIAGNOSTIC = YES;
				INFOPLIST_FILE = Pokedex/Info.plist;
				LD_RUNPATH_SEARCH_PATHS = (
					"$(inherited)",
					"@executable_path/Frameworks",
				);
				PROVISIONING_PROFILE_SPECIFIER = Pokedex;
				SDKROOT = iphoneos;
				SWIFT_VERSION = 5.0;
				TARGETED_DEVICE_FAMILY = "1,2";
			};
			name = Release;
		};
		90E8D1A4DC0C98F2F6F204B3 /* Release */ = {
			isa = XCBuildConfiguration;
			baseConfigurationReference = F593396ADD260CCD50DAE7F9 /* Release.xcconfig */;
			buildSettings = {
				ALWAYS_SEARCH_USER_PATHS = NO;
				CLANG_ANALYZER_NONNULL = YES;
				CLANG_ANALYZER_NUMBER_OBJECT_CONVERSION = YES_AGGRESSIVE;
				CLANG_CXX_LANGUAGE_STANDARD = "gnu++14";
				CLANG_CXX_LIBRARY = "libc++";
				CLANG_ENABLE_MODULES = YES;
				CLANG_ENABLE_OBJC_ARC = YES;
				CLANG_ENABLE_OBJC_WEAK = YES;
				CLANG_WARN_BLOCK_CAPTURE_AUTORELEASING = YES;
				CLANG_WARN_BOOL_CONVERSION = YES;
				CLANG_WARN_COMMA = YES;
				CLANG_WARN_CONSTANT_CONVERSION = YES;
				CLANG_WARN_DEPRECATED_OBJC_IMPLEMENTATIONS = YES;
				CLANG_WARN_DIRECT_OBJC_ISA_USAGE = YES_ERROR;
				CLANG_WARN_DOCUMENTATION_COMMENTS = YES;
				CLANG_WARN_EMPTY_BODY = YES;
				CLANG_WARN_ENUM_CONVERSION = YES;
				CLANG_WARN_INFINITE_RECURSION = YES;
				CLANG_WARN_INT_CONVERSION = YES;
				CLANG_WARN_NON_LITERAL_NULL_CONVERSION = YES;
				CLANG_WARN_OBJC_IMPLICIT_RETAIN_SELF = YES;
				CLANG_WARN_OBJC_LITERAL_CONVERSION = YES;
				CLANG_WARN_OBJC_ROOT_CLASS = YES_ERROR;
				CLANG_WARN_QUOTED_INCLUDE_IN_FRAMEWORK_HEADER = YES;
				CLANG_WARN_RANGE_LOOP_ANALYSIS = YES;
				CLANG_WARN_STRICT_PROTOTYPES = YES;
				CLANG_WARN_SUSPICIOUS_MOVE = YES;
				CLANG_WARN_UNGUARDED_AVAILABILITY = YES_AGGRESSIVE;
				CLANG_WARN_UNREACHABLE_CODE = YES;
				CLANG_WARN__DUPLICATE_METHOD_MATCH = YES;
				COPY_PHASE_STRIP = NO;
				DEBUG_INFORMATION_FORMAT = "dwarf-with-dsym";
				ENABLE_NS_ASSERTIONS = NO;
				ENABLE_STRICT_OBJC_MSGSEND = YES;
				GCC_C_LANGUAGE_STANDARD = gnu11;
				GCC_NO_COMMON_BLOCKS = YES;
				GCC_WARN_64_TO_32_BIT_CONVERSION = YES;
				GCC_WARN_ABOUT_RETURN_TYPE = YES_ERROR;
				GCC_WARN_UNDECLARED_SELECTOR = YES;
				GCC_WARN_UNINITIALIZED_AUTOS = YES_AGGRESSIVE;
				GCC_WARN_UNUSED_FUNCTION = YES;
				GCC_WARN_UNUSED_VARIABLE = YES;
				IPHONEOS_DEPLOYMENT_TARGET = 13.0;
				MTL_ENABLE_DEBUG_INFO = NO;
				MTL_FAST_MATH = YES;
				PRODUCT_NAME = "$(TARGET_NAME)";
				SDKROOT = iphoneos;
				SWIFT_COMPILATION_MODE = wholemodule;
				SWIFT_VERSION = 5.0;
			};
			name = Release;
		};
		94698A7BD9E02CFA35CEC27A /* Release */ = {
			isa = XCBuildConfiguration;
			buildSettings = {
				BUNDLE_LOADER = "$(TEST_HOST)";
				INFOPLIST_FILE = PokedexTests/Info.plist;
				LD_RUNPATH_SEARCH_PATHS = (
					"$(inherited)",
					"@executable_path/Frameworks",
					"@loader_path/Frameworks",
				);
				SDKROOT = iphoneos;
				TARGETED_DEVICE_FAMILY = "1,2";
				TEST_HOST = "$(BUILT_PRODUCTS_DIR)/Pokedex.app/Pokedex";
			};
			name = Release;
		};
		F30479B8152F3C753D246245 /* Adhoc */ = {
			isa = XCBuildConfiguration;
			buildSettings = {
				ASSETCATALOG_COMPILER_APPICON_NAME = AppIcon;
				CODE_SIGN_IDENTITY = "Apple Distribution";
				CODE_SIGN_STYLE = Manual;
				CURRENT_PROJECT_VERSION = 1;
				DEBUG_INFORMATION_FORMAT = dwarf;
				DEVELOPMENT_ASSET_PATHS = "";
				DEVELOPMENT_TEAM = NG4PAUE398;
				DISABLE_DIAMOND_PROBLEM_DIAGNOSTIC = YES;
				INFOPLIST_FILE = Pokedex/Info.plist;
				LD_RUNPATH_SEARCH_PATHS = (
					"$(inherited)",
					"@executable_path/Frameworks",
				);
				PROVISIONING_PROFILE_SPECIFIER = Pokedex.Adhoc;
				SDKROOT = iphoneos;
				SWIFT_VERSION = 5.0;
				TARGETED_DEVICE_FAMILY = "1,2";
			};
			name = Adhoc;
		};
		FF8E55ECB6EBBA673347924D /* Adhoc */ = {
			isa = XCBuildConfiguration;
			baseConfigurationReference = C0E4F7BB17A3353813A65BB6 /* Adhoc.xcconfig */;
			buildSettings = {
				ALWAYS_SEARCH_USER_PATHS = NO;
				CLANG_ANALYZER_NONNULL = YES;
				CLANG_ANALYZER_NUMBER_OBJECT_CONVERSION = YES_AGGRESSIVE;
				CLANG_CXX_LANGUAGE_STANDARD = "gnu++14";
				CLANG_CXX_LIBRARY = "libc++";
				CLANG_ENABLE_MODULES = YES;
				CLANG_ENABLE_OBJC_ARC = YES;
				CLANG_ENABLE_OBJC_WEAK = YES;
				CLANG_WARN_BLOCK_CAPTURE_AUTORELEASING = YES;
				CLANG_WARN_BOOL_CONVERSION = YES;
				CLANG_WARN_COMMA = YES;
				CLANG_WARN_CONSTANT_CONVERSION = YES;
				CLANG_WARN_DEPRECATED_OBJC_IMPLEMENTATIONS = YES;
				CLANG_WARN_DIRECT_OBJC_ISA_USAGE = YES_ERROR;
				CLANG_WARN_DOCUMENTATION_COMMENTS = YES;
				CLANG_WARN_EMPTY_BODY = YES;
				CLANG_WARN_ENUM_CONVERSION = YES;
				CLANG_WARN_INFINITE_RECURSION = YES;
				CLANG_WARN_INT_CONVERSION = YES;
				CLANG_WARN_NON_LITERAL_NULL_CONVERSION = YES;
				CLANG_WARN_OBJC_IMPLICIT_RETAIN_SELF = YES;
				CLANG_WARN_OBJC_LITERAL_CONVERSION = YES;
				CLANG_WARN_OBJC_ROOT_CLASS = YES_ERROR;
				CLANG_WARN_QUOTED_INCLUDE_IN_FRAMEWORK_HEADER = YES;
				CLANG_WARN_RANGE_LOOP_ANALYSIS = YES;
				CLANG_WARN_STRICT_PROTOTYPES = YES;
				CLANG_WARN_SUSPICIOUS_MOVE = YES;
				CLANG_WARN_UNGUARDED_AVAILABILITY = YES_AGGRESSIVE;
				CLANG_WARN_UNREACHABLE_CODE = YES;
				CLANG_WARN__DUPLICATE_METHOD_MATCH = YES;
				COPY_PHASE_STRIP = NO;
				DEBUG_INFORMATION_FORMAT = dwarf;
				ENABLE_STRICT_OBJC_MSGSEND = YES;
				GCC_C_LANGUAGE_STANDARD = gnu11;
				GCC_DYNAMIC_NO_PIC = NO;
				GCC_NO_COMMON_BLOCKS = YES;
				GCC_OPTIMIZATION_LEVEL = 0;
				GCC_PREPROCESSOR_DEFINITIONS = (
					"$(inherited)",
					"DEBUG=1",
				);
				GCC_WARN_64_TO_32_BIT_CONVERSION = YES;
				GCC_WARN_ABOUT_RETURN_TYPE = YES_ERROR;
				GCC_WARN_UNDECLARED_SELECTOR = YES;
				GCC_WARN_UNINITIALIZED_AUTOS = YES_AGGRESSIVE;
				GCC_WARN_UNUSED_FUNCTION = YES;
				GCC_WARN_UNUSED_VARIABLE = YES;
				IPHONEOS_DEPLOYMENT_TARGET = 13.0;
				MTL_ENABLE_DEBUG_INFO = INCLUDE_SOURCE;
				MTL_FAST_MATH = YES;
				ONLY_ACTIVE_ARCH = YES;
				PRODUCT_NAME = "$(TARGET_NAME)";
				SDKROOT = iphoneos;
				SWIFT_ACTIVE_COMPILATION_CONDITIONS = DEBUG;
				SWIFT_VERSION = 5.0;
			};
			name = Adhoc;
		};
/* End XCBuildConfiguration section */

/* Begin XCConfigurationList section */
		87663DF4A16F4319ACC569C0 /* Build configuration list for PBXNativeTarget "PokedexTests" */ = {
			isa = XCConfigurationList;
			buildConfigurations = (
				49CD5843100B2E1E905E37E1 /* Adhoc */,
				0B877141A0D75BDE552C8679 /* Debug */,
				94698A7BD9E02CFA35CEC27A /* Release */,
			);
			defaultConfigurationIsVisible = 0;
			defaultConfigurationName = Debug;
		};
		8E802DFF7F1313A8FB7E8AAE /* Build configuration list for PBXNativeTarget "QuizTodayExtension" */ = {
			isa = XCConfigurationList;
			buildConfigurations = (
				45E380F8840FE177AAB9B065 /* Adhoc */,
				614C2CC86361B8848AC2D2B8 /* Debug */,
				170E6F0550EA0C42E63C290F /* Release */,
			);
			defaultConfigurationIsVisible = 0;
			defaultConfigurationName = Debug;
		};
		9939347F5639D6C0831D9968 /* Build configuration list for PBXProject "Pokedex" */ = {
			isa = XCConfigurationList;
			buildConfigurations = (
				FF8E55ECB6EBBA673347924D /* Adhoc */,
				0B8EE91984B1D5B6BB33A663 /* Debug */,
				90E8D1A4DC0C98F2F6F204B3 /* Release */,
			);
			defaultConfigurationIsVisible = 0;
			defaultConfigurationName = Debug;
		};
		BD8DFB74652680E911DF0378 /* Build configuration list for PBXNativeTarget "Pokedex" */ = {
			isa = XCConfigurationList;
			buildConfigurations = (
				F30479B8152F3C753D246245 /* Adhoc */,
				2B46A2117B15EAD05A9FCB86 /* Debug */,
				69B428B6D7B86E393757ED92 /* Release */,
			);
			defaultConfigurationIsVisible = 0;
			defaultConfigurationName = Debug;
		};
/* End XCConfigurationList section */

/* Begin XCRemoteSwiftPackageReference section */
		423AEEAE88F9E999C7F09338 /* XCRemoteSwiftPackageReference "Nuke" */ = {
			isa = XCRemoteSwiftPackageReference;
			repositoryURL = "https://github.com/kean/Nuke.git";
			requirement = {
				kind = exactVersion;
				version = 10.5.2;
			};
		};
		549EBF07C2C7F9698FFAFB2D /* XCRemoteSwiftPackageReference "Alamofire" */ = {
			isa = XCRemoteSwiftPackageReference;
			repositoryURL = "https://github.com/Alamofire/Alamofire.git";
			requirement = {
				kind = exactVersion;
				version = 5.5.0;
			};
		};
/* End XCRemoteSwiftPackageReference section */

/* Begin XCSwiftPackageProductDependency section */
		80C8C5ED286DC6CC001B05DC /* Domain */ = {
			isa = XCSwiftPackageProductDependency;
			productName = Domain;
		};
		80C8C5EF286DC6CC001B05DC /* Nuke */ = {
			isa = XCSwiftPackageProductDependency;
			package = 423AEEAE88F9E999C7F09338 /* XCRemoteSwiftPackageReference "Nuke" */;
			productName = Nuke;
		};
/* End XCSwiftPackageProductDependency section */
	};
	rootObject = 06510187501688BCA6CB4E60 /* Project object */;
}
